# THIS IS AN AUTOGENERATED FILE. DO NOT EDIT THIS FILE DIRECTLY.
# yarn lockfile v1


"@babel/parser@^7.16.4":
  "integrity" "sha512-vqUSBLP8dQHFPdPi9bc5GK9vRkYHJ49fsZdtoJ8EQ8ibpwk5rPKfvNIwChB0KVXcIjcepEBBd2VHC5r9Gy8ueg=="
  "resolved" "https://registry.npmjs.org/@babel/parser/-/parser-7.17.9.tgz"
  "version" "7.17.9"

"@ctrl/tinycolor@^3.4.1":
  "integrity" "sha512-ej5oVy6lykXsvieQtqZxCOaLT+xD4+QNarq78cIYISHmZXshCvROLudpQN3lfL8G0NL7plMSSK+zlyvCaIJ4Iw=="
  "resolved" "https://registry.npmjs.org/@ctrl/tinycolor/-/tinycolor-3.4.1.tgz"
  "version" "3.4.1"

"@element-plus/icons-vue@^1.1.4":
  "integrity" "sha512-Iz/nHqdp1sFPmdzRwHkEQQA3lKvoObk8azgABZ81QUOpW9s/lUyQVUSh0tNtEPZXQlKwlSh7SPgoVxzrE0uuVQ=="
  "resolved" "https://registry.npmjs.org/@element-plus/icons-vue/-/icons-vue-1.1.4.tgz"
  "version" "1.1.4"

"@floating-ui/core@^0.6.2":
  "integrity" "sha512-jktYRmZwmau63adUG3GKOAVCofBXkk55S/zQ94XOorAHhwqFIOFAy1rSp2N0Wp6/tGbe9V3u/ExlGZypyY17rg=="
  "resolved" "https://registry.npmjs.org/@floating-ui/core/-/core-0.6.2.tgz"
  "version" "0.6.2"

"@floating-ui/dom@^0.4.5":
  "integrity" "sha512-b+prvQgJt8pieaKYMSJBXHxX/DYwdLsAWxKYqnO5dO2V4oo/TYBZJAUQCVNjTWWsrs6o4VDrNcP9+E70HAhJdw=="
  "resolved" "https://registry.npmjs.org/@floating-ui/dom/-/dom-0.4.5.tgz"
  "version" "0.4.5"
  dependencies:
    "@floating-ui/core" "^0.6.2"

"@popperjs/core@npm:@sxzz/popperjs-es@^2.11.6":
  "integrity" "sha512-Ccy0NlLkzr0Ex2FKvh2X+OyERHXJ88XJ1MXtsI9y9fGexlaXaVTPzBCRBwIxFkORuOb+uBqeu+RqnpgYTEZRUQ=="
  "resolved" "https://registry.npmjs.org/@sxzz/popperjs-es/-/popperjs-es-2.11.7.tgz"
  "version" "2.11.7"

"@types/lodash-es@*", "@types/lodash-es@^4.17.6":
  "integrity" "sha512-R+zTeVUKDdfoRxpAryaQNRKk3105Rrgx2CFRClIgRGaqDTdjsm8h6IYA8ir584W3ePzkZfst5xIgDwYrlh9HLg=="
  "resolved" "https://registry.npmjs.org/@types/lodash-es/-/lodash-es-4.17.6.tgz"
  "version" "4.17.6"
  dependencies:
    "@types/lodash" "*"

"@types/lodash@*", "@types/lodash@^4.14.182":
  "integrity" "sha512-/THyiqyQAP9AfARo4pF+aCGcyiQ94tX/Is2I7HofNRqoYLgN1PBoOWu2/zTA5zMxzP5EFutMtWtGAFRKUe961Q=="
  "resolved" "https://registry.npmjs.org/@types/lodash/-/lodash-4.14.182.tgz"
  "version" "4.14.182"

"@types/node@^17.0.34":
  "integrity" "sha512-XImEz7XwTvDBtzlTnm8YvMqGW/ErMWBsKZ+hMTvnDIjGCKxwK5Xpc+c/oQjOauwq8M4OS11hEkpjX8rrI/eEgA=="
  "resolved" "https://registry.npmjs.org/@types/node/-/node-17.0.34.tgz"
  "version" "17.0.34"

"@vitejs/plugin-vue@^2.3.1":
  "integrity" "sha512-YNzBt8+jt6bSwpt7LP890U1UcTOIZZxfpE5WOJ638PNxSEKOqAi0+FSKS0nVeukfdZ0Ai/H7AFd6k3hayfGZqQ=="
  "resolved" "https://registry.npmjs.org/@vitejs/plugin-vue/-/plugin-vue-2.3.1.tgz"
  "version" "2.3.1"

"@volar/code-gen@0.34.10":
  "integrity" "sha512-Pygl26uA4CuQcDgNndeTSNOYF+NbShcV+rwWRy/nRNv1JB++1EbaQ60/ti8c5zTRoL4a8OtipKMq9Sw8LzpRIw=="
  "resolved" "https://registry.npmjs.org/@volar/code-gen/-/code-gen-0.34.10.tgz"
  "version" "0.34.10"
  dependencies:
    "@volar/source-map" "0.34.10"

"@volar/source-map@0.34.10":
  "integrity" "sha512-DBSUGNJB2B08U6Ut14ZJSEOcBS7eV/aiinhoLbMrEe/HJtZRcnPuyE8f0c2BvmRM2LK8WQx77V54/lw/Ra8WDA=="
  "resolved" "https://registry.npmjs.org/@volar/source-map/-/source-map-0.34.10.tgz"
  "version" "0.34.10"

"@volar/vue-code-gen@0.34.10":
  "integrity" "sha512-oK5gat5AHllSMJzY+UMbttJvAjoUGzicXxLHoIwb6DTHpfcf2pADYUndiw5kSYHo+2Xd/+U1c9D8FUOJ+JHAFw=="
  "resolved" "https://registry.npmjs.org/@volar/vue-code-gen/-/vue-code-gen-0.34.10.tgz"
  "version" "0.34.10"
  dependencies:
    "@volar/code-gen" "0.34.10"
    "@volar/source-map" "0.34.10"
    "@vue/compiler-core" "^3.2.31"
    "@vue/compiler-dom" "^3.2.31"
    "@vue/shared" "^3.2.31"

"@volar/vue-typescript@0.34.10":
  "integrity" "sha512-FCGSqLC+T/AcBUFXoFniPKLa/fLslBuHsepUmId8dG5ROXZhQaJ5h4fkA87247SWb7z4o9mI6v86xevXEjRVKw=="
  "resolved" "https://registry.npmjs.org/@volar/vue-typescript/-/vue-typescript-0.34.10.tgz"
  "version" "0.34.10"
  dependencies:
    "@volar/code-gen" "0.34.10"
    "@volar/source-map" "0.34.10"
    "@volar/vue-code-gen" "0.34.10"
    "@vue/compiler-sfc" "^3.2.31"
    "@vue/reactivity" "^3.2.31"

"@vue/compiler-core@^3.2.31", "@vue/compiler-core@3.2.33":
  "integrity" "sha512-AAmr52ji3Zhk7IKIuigX2osWWsb2nQE5xsdFYjdnmtQ4gymmqXbjLvkSE174+fF3A3kstYrTgGkqgOEbsdLDpw=="
  "resolved" "https://registry.npmjs.org/@vue/compiler-core/-/compiler-core-3.2.33.tgz"
  "version" "3.2.33"
  dependencies:
    "@babel/parser" "^7.16.4"
    "@vue/shared" "3.2.33"
    "estree-walker" "^2.0.2"
    "source-map" "^0.6.1"

"@vue/compiler-dom@^3.2.31", "@vue/compiler-dom@3.2.33":
  "integrity" "sha512-GhiG1C8X98Xz9QUX/RlA6/kgPBWJkjq0Rq6//5XTAGSYrTMBgcLpP9+CnlUg1TFxnnCVughAG+KZl28XJqw8uQ=="
  "resolved" "https://registry.npmjs.org/@vue/compiler-dom/-/compiler-dom-3.2.33.tgz"
  "version" "3.2.33"
  dependencies:
    "@vue/compiler-core" "3.2.33"
    "@vue/shared" "3.2.33"

"@vue/compiler-sfc@^3.2.31", "@vue/compiler-sfc@3.2.33":
  "integrity" "sha512-H8D0WqagCr295pQjUYyO8P3IejM3vEzeCO1apzByAEaAR/WimhMYczHfZVvlCE/9yBaEu/eu9RdiWr0kF8b71Q=="
  "resolved" "https://registry.npmjs.org/@vue/compiler-sfc/-/compiler-sfc-3.2.33.tgz"
  "version" "3.2.33"
  dependencies:
    "@babel/parser" "^7.16.4"
    "@vue/compiler-core" "3.2.33"
    "@vue/compiler-dom" "3.2.33"
    "@vue/compiler-ssr" "3.2.33"
    "@vue/reactivity-transform" "3.2.33"
    "@vue/shared" "3.2.33"
    "estree-walker" "^2.0.2"
    "magic-string" "^0.25.7"
    "postcss" "^8.1.10"
    "source-map" "^0.6.1"

"@vue/compiler-ssr@3.2.33":
  "integrity" "sha512-XQh1Xdk3VquDpXsnoCd7JnMoWec9CfAzQDQsaMcSU79OrrO2PNR0ErlIjm/mGq3GmBfkQjzZACV+7GhfRB8xMQ=="
  "resolved" "https://registry.npmjs.org/@vue/compiler-ssr/-/compiler-ssr-3.2.33.tgz"
  "version" "3.2.33"
  dependencies:
    "@vue/compiler-dom" "3.2.33"
    "@vue/shared" "3.2.33"

"@vue/devtools-api@^6.0.0", "@vue/devtools-api@^6.1.4":
  "integrity" "sha512-IiA0SvDrJEgXvVxjNkHPFfDx6SXw0b/TUkqMcDZWNg9fnCAHbTpoo59YfJ9QLFkwa3raau5vSlRVzMSLDnfdtQ=="
  "resolved" "https://registry.npmjs.org/@vue/devtools-api/-/devtools-api-6.1.4.tgz"
  "version" "6.1.4"

"@vue/reactivity-transform@3.2.33":
  "integrity" "sha512-4UL5KOIvSQb254aqenW4q34qMXbfZcmEsV/yVidLUgvwYQQ/D21bGX3DlgPUGI3c4C+iOnNmDCkIxkILoX/Pyw=="
  "resolved" "https://registry.npmjs.org/@vue/reactivity-transform/-/reactivity-transform-3.2.33.tgz"
  "version" "3.2.33"
  dependencies:
    "@babel/parser" "^7.16.4"
    "@vue/compiler-core" "3.2.33"
    "@vue/shared" "3.2.33"
    "estree-walker" "^2.0.2"
    "magic-string" "^0.25.7"

"@vue/reactivity@^3.2.31", "@vue/reactivity@3.2.33":
  "integrity" "sha512-62Sq0mp9/0bLmDuxuLD5CIaMG2susFAGARLuZ/5jkU1FCf9EDbwUuF+BO8Ub3Rbodx0ziIecM/NsmyjardBxfQ=="
  "resolved" "https://registry.npmjs.org/@vue/reactivity/-/reactivity-3.2.33.tgz"
  "version" "3.2.33"
  dependencies:
    "@vue/shared" "3.2.33"

"@vue/runtime-core@3.2.33":
  "integrity" "sha512-N2D2vfaXsBPhzCV3JsXQa2NECjxP3eXgZlFqKh4tgakp3iX6LCGv76DLlc+IfFZq+TW10Y8QUfeihXOupJ1dGw=="
  "resolved" "https://registry.npmjs.org/@vue/runtime-core/-/runtime-core-3.2.33.tgz"
  "version" "3.2.33"
  dependencies:
    "@vue/reactivity" "3.2.33"
    "@vue/shared" "3.2.33"

"@vue/runtime-dom@3.2.33":
  "integrity" "sha512-LSrJ6W7CZTSUygX5s8aFkraDWlO6K4geOwA3quFF2O+hC3QuAMZt/0Xb7JKE3C4JD4pFwCSO7oCrZmZ0BIJUnw=="
  "resolved" "https://registry.npmjs.org/@vue/runtime-dom/-/runtime-dom-3.2.33.tgz"
  "version" "3.2.33"
  dependencies:
    "@vue/runtime-core" "3.2.33"
    "@vue/shared" "3.2.33"
    "csstype" "^2.6.8"

"@vue/server-renderer@3.2.33":
  "integrity" "sha512-4jpJHRD4ORv8PlbYi+/MfP8ec1okz6rybe36MdpkDrGIdEItHEUyaHSKvz+ptNEyQpALmmVfRteHkU9F8vxOew=="
  "resolved" "https://registry.npmjs.org/@vue/server-renderer/-/server-renderer-3.2.33.tgz"
  "version" "3.2.33"
  dependencies:
    "@vue/compiler-ssr" "3.2.33"
    "@vue/shared" "3.2.33"

"@vue/shared@^3.2.31", "@vue/shared@3.2.33":
  "integrity" "sha512-UBc1Pg1T3yZ97vsA2ueER0F6GbJebLHYlEi4ou1H5YL4KWvMOOWwpYo9/QpWq93wxKG6Wo13IY74Hcn/f7c7Bg=="
  "resolved" "https://registry.npmjs.org/@vue/shared/-/shared-3.2.33.tgz"
  "version" "3.2.33"

"@vueuse/core@^8.2.6":
  "integrity" "sha512-dUVU96lii1ZdWoNJXauQNt+4QrHz1DKbuW+y6pDR2N10q7rGZJMDU7pQeMcC2XeosX7kMODfaBuqsF03NozzLg=="
  "resolved" "https://registry.npmjs.org/@vueuse/core/-/core-8.4.2.tgz"
  "version" "8.4.2"
  dependencies:
    "@vueuse/metadata" "8.4.2"
    "@vueuse/shared" "8.4.2"
    "vue-demi" "*"

"@vueuse/metadata@8.4.2":
  "integrity" "sha512-2BIj++7P0/I5dfMsEe8q7Kw0HqVAjVcyNOd9+G22/ILUC9TVLTeYOuJ1kwa1Gpr+0LWKHc6GqHiLWNL33+exoQ=="
  "resolved" "https://registry.npmjs.org/@vueuse/metadata/-/metadata-8.4.2.tgz"
  "version" "8.4.2"

"@vueuse/shared@8.4.2":
  "integrity" "sha512-hILXMEjL8YQhj1LHN/HZ49UThyfk8irTjhele2nW+L3N55ElFUBGB/f4w0rg8EW+/suhqv7kJJPTZzvHCqxlIw=="
  "resolved" "https://registry.npmjs.org/@vueuse/shared/-/shared-8.4.2.tgz"
  "version" "8.4.2"
  dependencies:
    "vue-demi" "*"

"animate.css@^4.1.1":
  "integrity" "sha512-+mRmCTv6SbCmtYJCN4faJMNFVNN5EuCTTprDTAo7YzIGji2KADmakjVA3+8mVDkZ2Bf09vayB35lSQIex2+QaQ=="
  "resolved" "https://registry.npmjs.org/animate.css/-/animate.css-4.1.1.tgz"
  "version" "4.1.1"

"async-validator@^4.0.7":
  "integrity" "sha512-p4DO/JXwjs8klJyJL8Q2oM4ks5fUTze/h5k10oPPKMiLe1fj3G1QMzPHNmN1Py4ycOk7WlO2DcGXv1qiESJCZA=="
  "resolved" "https://registry.npmjs.org/async-validator/-/async-validator-4.1.1.tgz"
  "version" "4.1.1"

"asynckit@^0.4.0":
  "integrity" "sha512-Oei9OH4tRh0YqU3GxhX79dM/mwVgvbZJaSNaRk+bshkj0S5cfHcgYakreBjrHwatXKbz+IoIdYLxrKim2MjW0Q=="
  "resolved" "https://registry.npmjs.org/asynckit/-/asynckit-0.4.0.tgz"
  "version" "0.4.0"

"axios@^0.27.2":
  "integrity" "sha512-t+yRIyySRTp/wua5xEr+z1q60QmLq8ABsS5O9Me1AsE5dfKqgnCFzwiCZZ/cGNd1lq4/7akDWMxdhVlucjmnOQ=="
  "resolved" "https://registry.npmjs.org/axios/-/axios-0.27.2.tgz"
  "version" "0.27.2"
  dependencies:
    "follow-redirects" "^1.14.9"
    "form-data" "^4.0.0"

"call-bind@^1.0.0":
  "integrity" "sha512-7O+FbCihrB5WGbFYesctwmTKae6rOiIzmz1icreWJ+0aA7LJfuqhEso2T9ncpcFtzMQtzXf2QGGueWJGTYsqrA=="
  "resolved" "https://registry.npmjs.org/call-bind/-/call-bind-1.0.2.tgz"
  "version" "1.0.2"
  dependencies:
    "function-bind" "^1.1.1"
    "get-intrinsic" "^1.0.2"

"combined-stream@^1.0.8":
  "integrity" "sha512-FQN4MRfuJeHf7cBbBMJFXhKSDq+2kAArBlmRBvcvFE5BB1HZKXtSFASDhdlz9zOYwxh8lDdnvmMOe/+5cdoEdg=="
  "resolved" "https://registry.npmjs.org/combined-stream/-/combined-stream-1.0.8.tgz"
  "version" "1.0.8"
  dependencies:
    "delayed-stream" "~1.0.0"

"copy-anything@^2.0.1":
  "integrity" "sha512-1j20GZTsvKNkc4BY3NpMOM8tt///wY3FpIzozTOFO2ffuZcV61nojHXVKIy3WM+7ADCy5FVhdZYHYDdgTU0yJw=="
  "resolved" "https://registry.npmjs.org/copy-anything/-/copy-anything-2.0.6.tgz"
  "version" "2.0.6"
  dependencies:
    "is-what" "^3.14.1"

"core-js@^3.16.1":
  "integrity" "sha512-ELJOWxNrJfOH/WK4VJ3Qd+fOqZuOuDNDJz0xG6Bt4mGg2eO/UT9CljCrbqDGovjLKUrGajEEBcoTOc0w+yBYeQ=="
  "resolved" "https://registry.npmjs.org/core-js/-/core-js-3.23.2.tgz"
  "version" "3.23.2"

"csstype@^2.6.8":
  "integrity" "sha512-/WwNkdXfckNgw6S5R125rrW8ez139lBHWouiBvX8dfMFtcn6V81REDqnH7+CRpRipfYlyU1CmOnOxrmGcFOjeA=="
  "resolved" "https://registry.npmjs.org/csstype/-/csstype-2.6.20.tgz"
  "version" "2.6.20"

"dayjs@^1.11.1":
  "integrity" "sha512-F4LXf1OeU9hrSYRPTTj/6FbO4HTjPKXvEIC1P2kcnFurViINCVk3ZV0xAS3XVx9MkMsXbbqlK6hjseaYbgKEHw=="
  "resolved" "https://registry.npmjs.org/dayjs/-/dayjs-1.11.2.tgz"
  "version" "1.11.2"

"debug@^3.2.6":
  "integrity" "sha512-CFjzYYAi4ThfiQvizrFQevTTXHtnCqWfe7x1AhgEscTz6ZbLbfoLRLPugTQyBth6f8ZERVUSyWHFD/7Wu4t1XQ=="
  "resolved" "https://registry.npmjs.org/debug/-/debug-3.2.7.tgz"
  "version" "3.2.7"
  dependencies:
    "ms" "^2.1.1"

"delayed-stream@~1.0.0":
  "integrity" "sha512-ZySD7Nf91aLB0RxL4KGrKHBXl7Eds1DAmEdcoVawXnLD7SDhpNgtuII2aAkg7a7QS41jxPSZ17p4VdGnMHk3MQ=="
  "resolved" "https://registry.npmjs.org/delayed-stream/-/delayed-stream-1.0.0.tgz"
  "version" "1.0.0"

"element-plus@^2.1.11":
  "integrity" "sha512-s4X0I8s787tv+9UdekBC1g7v42Fj4bucPAmu03EjbgrGrV7BJvkoBGuK52lNfu4yC76bl6Uyjesd5Fu8CMakSw=="
  "resolved" "https://registry.npmjs.org/element-plus/-/element-plus-2.1.11.tgz"
  "version" "2.1.11"
  dependencies:
    "@ctrl/tinycolor" "^3.4.1"
    "@element-plus/icons-vue" "^1.1.4"
    "@floating-ui/dom" "^0.4.5"
    "@popperjs/core" "npm:@sxzz/popperjs-es@^2.11.6"
    "@types/lodash" "^4.14.182"
    "@types/lodash-es" "^4.17.6"
    "@vueuse/core" "^8.2.6"
    "async-validator" "^4.0.7"
    "dayjs" "^1.11.1"
    "escape-html" "^1.0.3"
    "lodash" "^4.17.21"
    "lodash-es" "^4.17.21"
    "lodash-unified" "^1.0.2"
    "memoize-one" "^6.0.0"
    "normalize-wheel-es" "^1.1.2"

"errno@^0.1.1":
  "integrity" "sha512-dJ6oBr5SQ1VSd9qkk7ByRgb/1SH4JZjCHSW/mr63/QcXO9zLVxvJ6Oy13nio03rxpSnVDDjFor75SjVeZWPW/A=="
  "resolved" "https://registry.npmjs.org/errno/-/errno-0.1.8.tgz"
  "version" "0.1.8"
  dependencies:
    "prr" "~1.0.1"

"esbuild-windows-64@0.14.38":
  "integrity" "sha512-Khy4wVmebnzue8aeSXLC+6clo/hRYeNIm0DyikoEqX+3w3rcvrhzpoix0S+MF9vzh6JFskkIGD7Zx47ODJNyCw=="
  "resolved" "https://registry.npmjs.org/esbuild-windows-64/-/esbuild-windows-64-0.14.38.tgz"
  "version" "0.14.38"

"esbuild@^0.14.27":
  "integrity" "sha512-12fzJ0fsm7gVZX1YQ1InkOE5f9Tl7cgf6JPYXRJtPIoE0zkWAbHdPHVPPaLi9tYAcEBqheGzqLn/3RdTOyBfcA=="
  "resolved" "https://registry.npmjs.org/esbuild/-/esbuild-0.14.38.tgz"
  "version" "0.14.38"
  optionalDependencies:
    "esbuild-android-64" "0.14.38"
    "esbuild-android-arm64" "0.14.38"
    "esbuild-darwin-64" "0.14.38"
    "esbuild-darwin-arm64" "0.14.38"
    "esbuild-freebsd-64" "0.14.38"
    "esbuild-freebsd-arm64" "0.14.38"
    "esbuild-linux-32" "0.14.38"
    "esbuild-linux-64" "0.14.38"
    "esbuild-linux-arm" "0.14.38"
    "esbuild-linux-arm64" "0.14.38"
    "esbuild-linux-mips64le" "0.14.38"
    "esbuild-linux-ppc64le" "0.14.38"
    "esbuild-linux-riscv64" "0.14.38"
    "esbuild-linux-s390x" "0.14.38"
    "esbuild-netbsd-64" "0.14.38"
    "esbuild-openbsd-64" "0.14.38"
    "esbuild-sunos-64" "0.14.38"
    "esbuild-windows-32" "0.14.38"
    "esbuild-windows-64" "0.14.38"
    "esbuild-windows-arm64" "0.14.38"

"escape-html@^1.0.3":
  "integrity" "sha1-Aljq5NPQwJdN4cFpGI7wBR0dGYg="
  "resolved" "https://registry.npmjs.org/escape-html/-/escape-html-1.0.3.tgz"
  "version" "1.0.3"

"estree-walker@^2.0.2":
  "integrity" "sha512-Rfkk/Mp/DL7JVje3u18FxFujQlTNR2q6QfMSMB7AvCBx91NGj/ba3kCfza0f6dVDbw7YlRf/nDrn7pQrCCyQ/w=="
  "resolved" "https://registry.npmjs.org/estree-walker/-/estree-walker-2.0.2.tgz"
  "version" "2.0.2"

"follow-redirects@^1.14.9":
  "integrity" "sha512-yLAMQs+k0b2m7cVxpS1VKJVvoz7SS9Td1zss3XRwXj+ZDH00RJgnuLx7E44wx02kQLrdM3aOOy+FpzS7+8OizA=="
  "resolved" "https://registry.npmjs.org/follow-redirects/-/follow-redirects-1.15.1.tgz"
  "version" "1.15.1"

"form-data@^4.0.0":
  "integrity" "sha512-ETEklSGi5t0QMZuiXoA/Q6vcnxcLQP5vdugSpuAyi6SVGi2clPPp+xgEhuMaHC+zGgn31Kd235W35f7Hykkaww=="
  "resolved" "https://registry.npmjs.org/form-data/-/form-data-4.0.0.tgz"
  "version" "4.0.0"
  dependencies:
    "asynckit" "^0.4.0"
    "combined-stream" "^1.0.8"
    "mime-types" "^2.1.12"

"function-bind@^1.1.1":
  "integrity" "sha512-yIovAzMX49sF8Yl58fSCWJ5svSLuaibPxXQJFLmBObTuCr0Mf1KiPopGM9NiFjiYBCbfaa2Fh6breQ6ANVTI0A=="
  "resolved" "https://registry.npmjs.org/function-bind/-/function-bind-1.1.1.tgz"
  "version" "1.1.1"

"get-intrinsic@^1.0.2":
  "integrity" "sha512-Jfm3OyCxHh9DJyc28qGk+JmfkpO41A4XkneDSujN9MDXrm4oDKdHvndhZ2dN94+ERNfkYJWDclW6k2L/ZGHjXA=="
  "resolved" "https://registry.npmjs.org/get-intrinsic/-/get-intrinsic-1.1.2.tgz"
  "version" "1.1.2"
  dependencies:
    "function-bind" "^1.1.1"
    "has" "^1.0.3"
    "has-symbols" "^1.0.3"

"graceful-fs@^4.1.2":
  "integrity" "sha512-9ByhssR2fPVsNZj478qUUbKfmL0+t5BDVyjShtyZZLiK7ZDAArFFfopyOTj0M05wE2tJPisA4iTnnXl2YoPvOA=="
  "resolved" "https://registry.npmjs.org/graceful-fs/-/graceful-fs-4.2.10.tgz"
  "version" "4.2.10"

"has-symbols@^1.0.3":
  "integrity" "sha512-l3LCuF6MgDNwTDKkdYGEihYjt5pRPbEg46rtlmnSPlUbgmB8LOIrKJbYYFBSbnPaJexMKtiPO8hmeRjRz2Td+A=="
  "resolved" "https://registry.npmjs.org/has-symbols/-/has-symbols-1.0.3.tgz"
  "version" "1.0.3"

"has@^1.0.3":
  "integrity" "sha512-f2dvO0VU6Oej7RkWJGrehjbzMAjFp5/VKPp5tTpWIV4JHHZK1/BxbFRtf/siA2SWTe09caDmVtYYzWEIbBS4zw=="
  "resolved" "https://registry.npmjs.org/has/-/has-1.0.3.tgz"
  "version" "1.0.3"
  dependencies:
    "function-bind" "^1.1.1"

"iconv-lite@^0.4.4":
  "integrity" "sha512-v3MXnZAcvnywkTUEZomIActle7RXXeedOR31wwl7VlyoXO4Qi9arvSenNQWne1TcRwhCL1HwLI21bEqdpj8/rA=="
  "resolved" "https://registry.npmjs.org/iconv-lite/-/iconv-lite-0.4.24.tgz"
  "version" "0.4.24"
  dependencies:
    "safer-buffer" ">= 2.1.2 < 3"

"image-size@~0.5.0":
  "integrity" "sha1-Cd/Uq50g4p6xw+gLiZA3jfnjy5w="
  "resolved" "https://registry.npmjs.org/image-size/-/image-size-0.5.5.tgz"
  "version" "0.5.5"

"is-core-module@^2.8.1":
  "integrity" "sha512-+5FPy5PnwmO3lvfMb0AsoPaBG+5KHUI0wYFXOtYPnVVVspTFUuMZNfNaNVRt3FZadstu2c8x23vykRW/NBoU6A=="
  "resolved" "https://registry.npmjs.org/is-core-module/-/is-core-module-2.9.0.tgz"
  "version" "2.9.0"
  dependencies:
    "has" "^1.0.3"

"is-what@^3.14.1":
  "integrity" "sha512-sNxgpk9793nzSs7bA6JQJGeIuRBQhAaNGG77kzYQgMkrID+lS6SlK07K5LaptscDlSaIgH+GPFzf+d75FVxozA=="
  "resolved" "https://registry.npmjs.org/is-what/-/is-what-3.14.1.tgz"
  "version" "3.14.1"

"klona@^2.0.4":
  "integrity" "sha512-pJiBpiXMbt7dkzXe8Ghj/u4FfXOOa98fPW+bihOJ4SjnoijweJrNThJfd3ifXpXhREjpoF2mZVH1GfS9LV3kHQ=="
  "resolved" "https://registry.npmjs.org/klona/-/klona-2.0.5.tgz"
  "version" "2.0.5"

"less-loader@^10.2.0":
  "integrity" "sha512-AV5KHWvCezW27GT90WATaDnfXBv99llDbtaj4bshq6DvAihMdNjaPDcUMa6EXKLRF+P2opFenJp89BXg91XLYg=="
  "resolved" "https://registry.npmjs.org/less-loader/-/less-loader-10.2.0.tgz"
  "version" "10.2.0"
  dependencies:
    "klona" "^2.0.4"

"less@*", "less@^3.5.0 || ^4.0.0", "less@^4.1.2":
  "integrity" "sha512-EoQp/Et7OSOVu0aJknJOtlXZsnr8XE8KwuzTHOLeVSEx8pVWUICc8Q0VYRHgzyjX78nMEyC/oztWFbgyhtNfDA=="
  "resolved" "https://registry.npmjs.org/less/-/less-4.1.2.tgz"
  "version" "4.1.2"
  dependencies:
    "copy-anything" "^2.0.1"
    "parse-node-version" "^1.0.1"
    "tslib" "^2.3.0"
  optionalDependencies:
    "errno" "^0.1.1"
    "graceful-fs" "^4.1.2"
    "image-size" "~0.5.0"
    "make-dir" "^2.1.0"
    "mime" "^1.4.1"
    "needle" "^2.5.2"
    "source-map" "~0.6.0"

"lodash-es@*", "lodash-es@^4.17.21":
  "integrity" "sha512-mKnC+QJ9pWVzv+C4/U3rRsHapFfHvQFoFB92e52xeyGMcX6/OlIl78je1u8vePzYZSkkogMPJ2yjxxsb89cxyw=="
  "resolved" "https://registry.npmjs.org/lodash-es/-/lodash-es-4.17.21.tgz"
  "version" "4.17.21"

"lodash-unified@^1.0.2":
  "integrity" "sha512-OGbEy+1P+UT26CYi4opY4gebD8cWRDxAT6MAObIVQMiqYdxZr1g3QHWCToVsm31x2NkLS4K3+MC2qInaRMa39g=="
  "resolved" "https://registry.npmjs.org/lodash-unified/-/lodash-unified-1.0.2.tgz"
  "version" "1.0.2"

"lodash@*", "lodash@^4.17.21":
  "integrity" "sha512-v2kDEe57lecTulaDIuNTPy3Ry4gLGJ6Z1O3vE1krgXZNrsQ+LFTGHVxVjcXPs17LhbZVGedAJv8XZ1tvj5FvSg=="
  "resolved" "https://registry.npmjs.org/lodash/-/lodash-4.17.21.tgz"
  "version" "4.17.21"

"magic-string@^0.25.7":
  "integrity" "sha512-RmF0AsMzgt25qzqqLc1+MbHmhdx0ojF2Fvs4XnOqz2ZOBXzzkEwc/dJQZCYHAn7v1jbVOjAZfK8msRn4BxO4VQ=="
  "resolved" "https://registry.npmjs.org/magic-string/-/magic-string-0.25.9.tgz"
  "version" "0.25.9"
  dependencies:
    "sourcemap-codec" "^1.4.8"

"make-dir@^2.1.0":
  "integrity" "sha512-LS9X+dc8KLxXCb8dni79fLIIUA5VyZoyjSMCwTluaXA0o27cCK0bhXkpgw+sTXVpPy/lSO57ilRixqk0vDmtRA=="
  "resolved" "https://registry.npmjs.org/make-dir/-/make-dir-2.1.0.tgz"
  "version" "2.1.0"
  dependencies:
    "pify" "^4.0.1"
    "semver" "^5.6.0"

"memoize-one@^6.0.0":
  "integrity" "sha512-rkpe71W0N0c0Xz6QD0eJETuWAJGnJ9afsl1srmwPrI+yBCkge5EycXXbYRyvL29zZVUWQCY7InPRCv3GDXuZNw=="
  "resolved" "https://registry.npmjs.org/memoize-one/-/memoize-one-6.0.0.tgz"
  "version" "6.0.0"

"mime-db@1.52.0":
  "integrity" "sha512-sPU4uV7dYlvtWJxwwxHD0PuihVNiE7TyAbQ5SWxDCB9mUYvOgroQOwYQQOKPJ8CIbE+1ETVlOoK1UC2nU3gYvg=="
  "resolved" "https://registry.npmjs.org/mime-db/-/mime-db-1.52.0.tgz"
  "version" "1.52.0"

"mime-types@^2.1.12":
  "integrity" "sha512-ZDY+bPm5zTTF+YpCrAU9nK0UgICYPT0QtT1NZWFv4s++TNkcgVaT0g6+4R2uI4MjQjzysHB1zxuWL50hzaeXiw=="
  "resolved" "https://registry.npmjs.org/mime-types/-/mime-types-2.1.35.tgz"
  "version" "2.1.35"
  dependencies:
    "mime-db" "1.52.0"

"mime@^1.4.1":
  "integrity" "sha512-x0Vn8spI+wuJ1O6S7gnbaQg8Pxh4NNHb7KSINmEWKiPE4RKOplvijn+NkmYmmRgP68mc70j2EbeTFRsrswaQeg=="
  "resolved" "https://registry.npmjs.org/mime/-/mime-1.6.0.tgz"
  "version" "1.6.0"

"ms@^2.1.1":
  "integrity" "sha512-6FlzubTLZG3J2a/NVCAleEhjzq5oxgHyaCU9yYXvcLsvoVaHJq/s5xXI6/XXP6tz7R9xAOtHnSO/tXtF3WRTlA=="
  "resolved" "https://registry.npmjs.org/ms/-/ms-2.1.3.tgz"
  "version" "2.1.3"

"nanoid@^3.3.1":
  "integrity" "sha512-p1sjXuopFs0xg+fPASzQ28agW1oHD7xDsd9Xkf3T15H3c/cifrFHVwrh74PdoklAPi+i7MdRsE47vm2r6JoB+w=="
  "resolved" "https://registry.npmjs.org/nanoid/-/nanoid-3.3.3.tgz"
  "version" "3.3.3"

"needle@^2.5.2":
  "integrity" "sha512-6R9fqJ5Zcmf+uYaFgdIHmLwNldn5HbK8L5ybn7Uz+ylX/rnOsSp1AHcvQSrCaFN+qNM1wpymHqD7mVasEOlHGQ=="
  "resolved" "https://registry.npmjs.org/needle/-/needle-2.9.1.tgz"
  "version" "2.9.1"
  dependencies:
    "debug" "^3.2.6"
    "iconv-lite" "^0.4.4"
    "sax" "^1.2.4"

"normalize-wheel-es@^1.1.2":
  "integrity" "sha512-scX83plWJXYH1J4+BhAuIHadROzxX0UBF3+HuZNY2Ks8BciE7tSTQ+5JhTsvzjaO0/EJdm4JBGrfObKxFf3Png=="
  "resolved" "https://registry.npmjs.org/normalize-wheel-es/-/normalize-wheel-es-1.1.2.tgz"
  "version" "1.1.2"

"nprogress@^0.2.0":
  "integrity" "sha512-I19aIingLgR1fmhftnbWWO3dXc0hSxqHQHQb3H8m+K3TnEn/iSeTZZOyvKXWqQESMwuUVnatlCnZdLBZZt2VSA=="
  "resolved" "https://registry.npmjs.org/nprogress/-/nprogress-0.2.0.tgz"
  "version" "0.2.0"

"object-inspect@^1.9.0":
  "integrity" "sha512-z+cPxW0QGUp0mcqcsgQyLVRDoXFQbXOwBaqyF7VIgI4TWNQsDHrBpUQslRmIfAoYWdYzs6UlKJtB2XJpTaNSpQ=="
  "resolved" "https://registry.npmjs.org/object-inspect/-/object-inspect-1.12.2.tgz"
  "version" "1.12.2"

"parse-node-version@^1.0.1":
  "integrity" "sha512-3YHlOa/JgH6Mnpr05jP9eDG254US9ek25LyIxZlDItp2iJtwyaXQb57lBYLdT3MowkUFYEV2XXNAYIPlESvJlA=="
  "resolved" "https://registry.npmjs.org/parse-node-version/-/parse-node-version-1.0.1.tgz"
  "version" "1.0.1"

"particles.vue3@^1.22.0":
  "integrity" "sha512-5CDVz5ih4tfrDeqLePmfmYEODnnSqdMFheH2AZ3Di8sK51n0zuzx9CxZ5tgL0yWAQP6DWrGm2JTN/R6pBx2aDw=="
  "resolved" "https://registry.npmjs.org/particles.vue3/-/particles.vue3-1.22.0.tgz"
  "version" "1.22.0"
  dependencies:
    "core-js" "^3.16.1"
    "tsparticles" "^1.39.0"
    "vue-class-component" "^8.0.0-rc.1"

"path-parse@^1.0.7":
  "integrity" "sha512-LDJzPVEEEPR+y48z93A0Ed0yXb8pAByGWo/k5YYdYgpY2/2EsOsksJrq7lOHxryrVOn1ejG6oAp8ahvOIQD8sw=="
  "resolved" "https://registry.npmjs.org/path-parse/-/path-parse-1.0.7.tgz"
  "version" "1.0.7"

"picocolors@^1.0.0":
  "integrity" "sha512-1fygroTLlHu66zi26VoTDv8yRgm0Fccecssto+MhsZ0D/DGW2sm8E8AjW7NU5VVTRt5GxbeZ5qBuJr+HyLYkjQ=="
  "resolved" "https://registry.npmjs.org/picocolors/-/picocolors-1.0.0.tgz"
  "version" "1.0.0"

"pify@^4.0.1":
  "integrity" "sha512-uB80kBFb/tfd68bVleG9T5GGsGPjJrLAUpR5PZIrhBnIaRTQRjqdJSsIKkOP6OAIFbj7GOrcudc5pNjZ+geV2g=="
  "resolved" "https://registry.npmjs.org/pify/-/pify-4.0.1.tgz"
  "version" "4.0.1"

"pinia@^2.0.14":
  "integrity" "sha512-0nPuZR4TetT/WcLN+feMSjWJku3SQU7dBbXC6uw+R6FLQJCsg+/0pzXyD82T1FmAYe0lsx+jnEDQ1BLgkRKlxA=="
  "resolved" "https://registry.npmjs.org/pinia/-/pinia-2.0.14.tgz"
  "version" "2.0.14"
  dependencies:
    "@vue/devtools-api" "^6.1.4"
    "vue-demi" "*"

"postcss@^8.1.10", "postcss@^8.4.12":
  "integrity" "sha512-lg6eITwYe9v6Hr5CncVbK70SoioNQIq81nsaG86ev5hAidQvmOeETBqs7jm43K2F5/Ley3ytDtriImV6TpNiSg=="
  "resolved" "https://registry.npmjs.org/postcss/-/postcss-8.4.12.tgz"
  "version" "8.4.12"
  dependencies:
    "nanoid" "^3.3.1"
    "picocolors" "^1.0.0"
    "source-map-js" "^1.0.2"

"prr@~1.0.1":
  "integrity" "sha1-0/wRS6BplaRexok/SEzrHXj19HY="
  "resolved" "https://registry.npmjs.org/prr/-/prr-1.0.1.tgz"
  "version" "1.0.1"

"qs@^6.11.0":
  "integrity" "sha512-MvjoMCJwEarSbUYk5O+nmoSzSutSsTwF85zcHPQ9OrlFoZOYIjaqBAJIqIXjptyD5vThxGq52Xu/MaJzRkIk4Q=="
  "resolved" "https://registry.npmjs.org/qs/-/qs-6.11.0.tgz"
  "version" "6.11.0"
  dependencies:
    "side-channel" "^1.0.4"

"resolve@^1.22.0":
  "integrity" "sha512-Hhtrw0nLeSrFQ7phPp4OOcVjLPIeMnRlr5mcnVuMe7M/7eBn98A3hmFRLoFo3DLZkivSYwhRUJTyPyWAk56WLw=="
  "resolved" "https://registry.npmjs.org/resolve/-/resolve-1.22.0.tgz"
  "version" "1.22.0"
  dependencies:
    "is-core-module" "^2.8.1"
    "path-parse" "^1.0.7"
    "supports-preserve-symlinks-flag" "^1.0.0"

"rollup@^2.59.0":
  "integrity" "sha512-EitogNZnfku65I1DD5Mxe8JYRUCy0hkK5X84IlDtUs+O6JRMpRciXTzyCUuX11b5L5pvjH+OmFXiQ3XjabcXgg=="
  "resolved" "https://registry.npmjs.org/rollup/-/rollup-2.70.2.tgz"
  "version" "2.70.2"
  optionalDependencies:
    "fsevents" "~2.3.2"

"safer-buffer@>= 2.1.2 < 3":
  "integrity" "sha512-YZo3K82SD7Riyi0E1EQPojLz7kpepnSQI9IyPbHHg1XXXevb5dJI7tpyN2ADxGcQbHG7vcyRHk0cbwqcQriUtg=="
  "resolved" "https://registry.npmjs.org/safer-buffer/-/safer-buffer-2.1.2.tgz"
  "version" "2.1.2"

"sax@^1.2.4":
  "integrity" "sha512-NqVDv9TpANUjFm0N8uM5GxL36UgKi9/atZw+x7YFnQ8ckwFGKrl4xX4yWtrey3UJm5nP1kUbnYgLopqWNSRhWw=="
  "resolved" "https://registry.npmjs.org/sax/-/sax-1.2.4.tgz"
  "version" "1.2.4"

"semver@^5.6.0":
  "integrity" "sha512-sauaDf/PZdVgrLTNYHRtpXa1iRiKcaebiKQ1BJdpQlWH2lCvexQdX55snPFyK7QzpudqbCI0qXFfOasHdyNDGQ=="
  "resolved" "https://registry.npmjs.org/semver/-/semver-5.7.1.tgz"
  "version" "5.7.1"

"side-channel@^1.0.4":
  "integrity" "sha512-q5XPytqFEIKHkGdiMIrY10mvLRvnQh42/+GoBlFW3b2LXLE2xxJpZFdm94we0BaoV3RwJyGqg5wS7epxTv0Zvw=="
  "resolved" "https://registry.npmjs.org/side-channel/-/side-channel-1.0.4.tgz"
  "version" "1.0.4"
  dependencies:
    "call-bind" "^1.0.0"
    "get-intrinsic" "^1.0.2"
    "object-inspect" "^1.9.0"

"source-map-js@^1.0.2":
  "integrity" "sha512-R0XvVJ9WusLiqTCEiGCmICCMplcCkIwwR11mOSD9CR5u+IXYdiseeEuXCVAjS54zqwkLcPNnmU4OeJ6tUrWhDw=="
  "resolved" "https://registry.npmjs.org/source-map-js/-/source-map-js-1.0.2.tgz"
  "version" "1.0.2"

"source-map@^0.6.1", "source-map@~0.6.0":
  "integrity" "sha512-UjgapumWlbMhkBgzT7Ykc5YXUT46F0iKu8SGXq0bcwP5dz/h0Plj6enJqjz1Zbq2l5WaqYnrVbwWOWMyF3F47g=="
  "resolved" "https://registry.npmjs.org/source-map/-/source-map-0.6.1.tgz"
  "version" "0.6.1"

"sourcemap-codec@^1.4.8":
  "integrity" "sha512-9NykojV5Uih4lgo5So5dtw+f0JgJX30KCNI8gwhz2J9A15wD0Ml6tjHKwf6fTSa6fAdVBdZeNOs9eJ71qCk8vA=="
  "resolved" "https://registry.npmjs.org/sourcemap-codec/-/sourcemap-codec-1.4.8.tgz"
  "version" "1.4.8"

"supports-preserve-symlinks-flag@^1.0.0":
  "integrity" "sha512-ot0WnXS9fgdkgIcePe6RHNk1WA8+muPa6cSjeR3V8K27q9BB1rTE3R1p7Hv0z1ZyAc8s6Vvv8DIyWf681MAt0w=="
  "resolved" "https://registry.npmjs.org/supports-preserve-symlinks-flag/-/supports-preserve-symlinks-flag-1.0.0.tgz"
  "version" "1.0.0"

"three@^0.121.0":
  "integrity" "sha512-12bkOFsSCsfHViuqDuxDccMBT8eJ/UH829P1J50f4mvI9pWNX4iurZq8Vbo+rs9rKkgrSBRq7ubE77dQ1Y1hzA=="
  "resolved" "https://registry.npmjs.org/three/-/three-0.121.0.tgz"
  "version" "0.121.0"

"tslib@^2.3.0":
  "integrity" "sha512-d6xOpEDfsi2CZVlPQzGeux8XMwLT9hssAsaPYExaQMuYskwb+x1x7J371tWlbBdWHroy99KnVB6qIkUbs5X3UQ=="
  "resolved" "https://registry.npmjs.org/tslib/-/tslib-2.4.0.tgz"
  "version" "2.4.0"

"tsparticles@^1.39.0":
  "integrity" "sha512-6EuHncwqzoyTlUxc11YH8LVlwVUgpYaZD0yMOeA2OvRqFZ9VQV8EjjQ6ZfXt6pfGA1ObPwU929jveFatxwTQkg=="
  "resolved" "https://registry.npmjs.org/tsparticles/-/tsparticles-1.43.1.tgz"
  "version" "1.43.1"

"typescript@*", "typescript@^4.5.4", "typescript@>=4.4.4":
  "integrity" "sha512-yNIatDa5iaofVozS/uQJEl3JRWLKKGJKh6Yaiv0GLGSuhpFJe7P3SbHZ8/yjAHRQwKRoA6YZqlfjXWmVzoVSMw=="
  "resolved" "https://registry.npmjs.org/typescript/-/typescript-4.6.3.tgz"
  "version" "4.6.3"

"vanta@^0.5.22":
  "integrity" "sha512-Y58U1SjHU6HeIuwq+te7eonyi7LWzKqyPDjZyQ7Kb6Zy4ampNJHRIUZvf1Pwl6uTC6Qi6P9fUYDsUVQDHq0KKg=="
  "resolved" "https://registry.npmjs.org/vanta/-/vanta-0.5.22.tgz"
  "version" "0.5.22"

"vite@^2.5.10", "vite@^2.9.5":
  "integrity" "sha512-3IffdrByHW95Yjv0a13TQOQfJs7L5dVlSPuTt432XLbRMriWbThqJN2k/IS6kXn5WY4xBLhK9XoaWay1B8VzUw=="
  "resolved" "https://registry.npmjs.org/vite/-/vite-2.9.6.tgz"
  "version" "2.9.6"
  dependencies:
    "esbuild" "^0.14.27"
    "postcss" "^8.4.12"
    "resolve" "^1.22.0"
    "rollup" "^2.59.0"
  optionalDependencies:
    "fsevents" "~2.3.2"

"vue-class-component@^8.0.0-rc.1":
  "integrity" "sha512-w1nMzsT/UdbDAXKqhwTmSoyuJzUXKrxLE77PCFVuC6syr8acdFDAq116xgvZh9UCuV0h+rlCtxXolr3Hi3HyPQ=="
  "resolved" "https://registry.npmjs.org/vue-class-component/-/vue-class-component-8.0.0-rc.1.tgz"
  "version" "8.0.0-rc.1"

"vue-demi@*":
  "integrity" "sha512-BREuTgTYlUr0zw0EZn3hnhC3I6gPWv+Kwh4MCih6QcAeaTlaIX0DwOVN0wHej7hSvDPecz4jygy/idsgKfW58Q=="
  "resolved" "https://registry.npmjs.org/vue-demi/-/vue-demi-0.12.5.tgz"
  "version" "0.12.5"

"vue-router@^4.0.15":
  "integrity" "sha512-xa+pIN9ZqORdIW1MkN2+d9Ui2pCM1b/UMgwYUCZOiFYHAvz/slKKBDha8DLrh5aCG/RibtrpyhKjKOZ85tYyWg=="
  "resolved" "https://registry.npmjs.org/vue-router/-/vue-router-4.0.15.tgz"
  "version" "4.0.15"
  dependencies:
    "@vue/devtools-api" "^6.0.0"

"vue-tsc@^0.34.7":
  "integrity" "sha512-rWU4SjDqk9ylQN2hbnyP+rEu8W2a712DWUmciX6rDnId1m8sN/cuypTKjWjHHjaBLWNKULoEakRTOvrQ4ainhw=="
  "resolved" "https://registry.npmjs.org/vue-tsc/-/vue-tsc-0.34.10.tgz"
  "version" "0.34.10"
  dependencies:
    "@volar/vue-typescript" "0.34.10"

"vue@^2.6.0 || ^3.2.0", "vue@^2.6.14 || ^3.2.0", "vue@^3.0.0", "vue@^3.0.0-0 || ^2.6.0", "vue@^3.2.0", "vue@^3.2.25", "vue@>=3", "vue@3.2.33":
  "integrity" "sha512-si1ExAlDUrLSIg/V7D/GgA4twJwfsfgG+t9w10z38HhL/HA07132pUQ2KuwAo8qbCyMJ9e6OqrmWrOCr+jW7ZQ=="
  "resolved" "https://registry.npmjs.org/vue/-/vue-3.2.33.tgz"
  "version" "3.2.33"
  dependencies:
    "@vue/compiler-dom" "3.2.33"
    "@vue/compiler-sfc" "3.2.33"
    "@vue/runtime-dom" "3.2.33"
    "@vue/server-renderer" "3.2.33"
    "@vue/shared" "3.2.33"
