# THIS IS AN AUTOGENERATED FILE. DO NOT EDIT THIS FILE DIRECTLY.
# yarn lockfile v1


"@babel/parser@^7.16.4":
  version "7.18.5"
  resolved "https://registry.yarnpkg.com/@babel/parser/-/parser-7.18.5.tgz#337062363436a893a2d22faa60be5bb37091c83c"
  integrity sha512-YZWVaglMiplo7v8f1oMQ5ZPQr0vn7HPeZXxXWsxXJRjGVrzUFn9OxFQl1sb5wzfootjA/yChhW84BV+383FSOw==

"@ctrl/tinycolor@^3.4.1":
  version "3.4.1"
  resolved "https://registry.yarnpkg.com/@ctrl/tinycolor/-/tinycolor-3.4.1.tgz#75b4c27948c81e88ccd3a8902047bcd797f38d32"
  integrity sha512-ej5oVy6lykXsvieQtqZxCOaLT+xD4+QNarq78cIYISHmZXshCvROLudpQN3lfL8G0NL7plMSSK+zlyvCaIJ4Iw==

"@element-plus/icons-vue@^2.0.5":
  version "2.0.5"
  resolved "https://registry.yarnpkg.com/@element-plus/icons-vue/-/icons-vue-2.0.5.tgz#8eb4143a7b5e4d8468d2e72af99eefee446f5ea0"
  integrity sha512-jvNWyKcdvPvMDLTWjghrPY+bYHKqh7hbAFIPe+HWR073zilzt33csREzmKx3VwhdlJUW5u0nCqN+0rwI8jlH+w==

"@floating-ui/core@^0.7.3":
  version "0.7.3"
  resolved "https://registry.yarnpkg.com/@floating-ui/core/-/core-0.7.3.tgz#d274116678ffae87f6b60e90f88cc4083eefab86"
  integrity sha512-buc8BXHmG9l82+OQXOFU3Kr2XQx9ys01U/Q9HMIrZ300iLc8HLMgh7dcCqgYzAzf4BkoQvDcXf5Y+CuEZ5JBYg==

"@floating-ui/dom@^0.5.2":
  version "0.5.3"
  resolved "https://registry.yarnpkg.com/@floating-ui/dom/-/dom-0.5.3.tgz#ade192cf9a911fc3e95fb614fe281658b654043c"
  integrity sha512-vpjWB1uC7rajvgA58uzlJZgtWqrdDQLw+XVA3w63ZTmsWwRmVd0Gl5Dy9VMAViI9cP7hBWaJt23Jy3AVgVYnoQ==
  dependencies:
    "@floating-ui/core" "^0.7.3"

"@popperjs/core@npm:@sxzz/popperjs-es@^2.11.7":
  version "2.11.7"
  resolved "https://registry.yarnpkg.com/@sxzz/popperjs-es/-/popperjs-es-2.11.7.tgz#a7f69e3665d3da9b115f9e71671dae1b97e13671"
  integrity sha512-Ccy0NlLkzr0Ex2FKvh2X+OyERHXJ88XJ1MXtsI9y9fGexlaXaVTPzBCRBwIxFkORuOb+uBqeu+RqnpgYTEZRUQ==

"@types/lodash-es@^4.17.6":
  version "4.17.6"
  resolved "https://registry.yarnpkg.com/@types/lodash-es/-/lodash-es-4.17.6.tgz#c2ed4c8320ffa6f11b43eb89e9eaeec65966a0a0"
  integrity sha512-R+zTeVUKDdfoRxpAryaQNRKk3105Rrgx2CFRClIgRGaqDTdjsm8h6IYA8ir584W3ePzkZfst5xIgDwYrlh9HLg==
  dependencies:
    "@types/lodash" "*"

"@types/lodash@*", "@types/lodash@^4.14.182":
  version "4.14.182"
  resolved "https://registry.yarnpkg.com/@types/lodash/-/lodash-4.14.182.tgz#05301a4d5e62963227eaafe0ce04dd77c54ea5c2"
  integrity sha512-/THyiqyQAP9AfARo4pF+aCGcyiQ94tX/Is2I7HofNRqoYLgN1PBoOWu2/zTA5zMxzP5EFutMtWtGAFRKUe961Q==

"@types/node@^17.0.34":
  version "17.0.45"
  resolved "https://registry.yarnpkg.com/@types/node/-/node-17.0.45.tgz#2c0fafd78705e7a18b7906b5201a522719dc5190"
  integrity sha512-w+tIMs3rq2afQdsPJlODhoUEKzFP1ayaoyl1CcnwtIlsVe7K7bA1NGm4s3PraqTLlXnbIN84zuBlxBWo1u9BLw==

"@vitejs/plugin-vue@^2.3.1":
  version "2.3.3"
  resolved "https://registry.yarnpkg.com/@vitejs/plugin-vue/-/plugin-vue-2.3.3.tgz#fbf80cc039b82ac21a1acb0f0478de8f61fbf600"
  integrity sha512-SmQLDyhz+6lGJhPELsBdzXGc+AcaT8stgkbiTFGpXPe8Tl1tJaBw1A6pxDqDuRsVkD8uscrkx3hA7QDOoKYtyw==

"@volar/code-gen@0.34.17":
  version "0.34.17"
  resolved "https://registry.yarnpkg.com/@volar/code-gen/-/code-gen-0.34.17.tgz#fd46e369454e6bd9599b511500b4c43acb9730bd"
  integrity sha512-rHR7BA71BJ/4S7xUOPMPiB7uk6iU9oTWpEMZxFi5VGC9iJmDncE82WzU5iYpcbOBCVHsOjMh0+5CGMgdO6SaPA==
  dependencies:
    "@volar/source-map" "0.34.17"

"@volar/source-map@0.34.17":
  version "0.34.17"
  resolved "https://registry.yarnpkg.com/@volar/source-map/-/source-map-0.34.17.tgz#79efc4d088e11f59fc857953185a1f852df70968"
  integrity sha512-3yn1IMXJGGWB/G817/VFlFMi8oh5pmE7VzUqvgMZMrppaZpKj6/juvJIEiXNxRsgWc0RxIO8OSp4htdPUg1Raw==

"@volar/vue-code-gen@0.34.17":
  version "0.34.17"
  resolved "https://registry.yarnpkg.com/@volar/vue-code-gen/-/vue-code-gen-0.34.17.tgz#55ca9c21b38c91bf362761b268a77b9f0ecae8bf"
  integrity sha512-17pzcK29fyFWUc+C82J3JYSnA+jy3QNrIldb9kPaP9Itbik05ZjEIyEue9FjhgIAuHeYSn4LDM5s6nGjxyfhsQ==
  dependencies:
    "@volar/code-gen" "0.34.17"
    "@volar/source-map" "0.34.17"
    "@vue/compiler-core" "^3.2.36"
    "@vue/compiler-dom" "^3.2.36"
    "@vue/shared" "^3.2.36"

"@volar/vue-typescript@0.34.17":
  version "0.34.17"
  resolved "https://registry.yarnpkg.com/@volar/vue-typescript/-/vue-typescript-0.34.17.tgz#497eb471ebac25ff61af04031b78ec71a34d470b"
  integrity sha512-U0YSVIBPRWVPmgJHNa4nrfq88+oS+tmyZNxmnfajIw9A/GOGZQiKXHC0k09SVvbYXlsjgJ6NIjhm9NuAhGRQjg==
  dependencies:
    "@volar/code-gen" "0.34.17"
    "@volar/source-map" "0.34.17"
    "@volar/vue-code-gen" "0.34.17"
    "@vue/compiler-sfc" "^3.2.36"
    "@vue/reactivity" "^3.2.36"

"@vue/compiler-core@3.2.37", "@vue/compiler-core@^3.2.36":
  version "3.2.37"
  resolved "https://registry.yarnpkg.com/@vue/compiler-core/-/compiler-core-3.2.37.tgz#b3c42e04c0e0f2c496ff1784e543fbefe91e215a"
  integrity sha512-81KhEjo7YAOh0vQJoSmAD68wLfYqJvoiD4ulyedzF+OEk/bk6/hx3fTNVfuzugIIaTrOx4PGx6pAiBRe5e9Zmg==
  dependencies:
    "@babel/parser" "^7.16.4"
    "@vue/shared" "3.2.37"
    estree-walker "^2.0.2"
    source-map "^0.6.1"

"@vue/compiler-dom@3.2.37", "@vue/compiler-dom@^3.2.36":
  version "3.2.37"
  resolved "https://registry.yarnpkg.com/@vue/compiler-dom/-/compiler-dom-3.2.37.tgz#10d2427a789e7c707c872da9d678c82a0c6582b5"
  integrity sha512-yxJLH167fucHKxaqXpYk7x8z7mMEnXOw3G2q62FTkmsvNxu4FQSu5+3UMb+L7fjKa26DEzhrmCxAgFLLIzVfqQ==
  dependencies:
    "@vue/compiler-core" "3.2.37"
    "@vue/shared" "3.2.37"

"@vue/compiler-sfc@3.2.37", "@vue/compiler-sfc@^3.2.36":
  version "3.2.37"
  resolved "https://registry.yarnpkg.com/@vue/compiler-sfc/-/compiler-sfc-3.2.37.tgz#3103af3da2f40286edcd85ea495dcb35bc7f5ff4"
  integrity sha512-+7i/2+9LYlpqDv+KTtWhOZH+pa8/HnX/905MdVmAcI/mPQOBwkHHIzrsEsucyOIZQYMkXUiTkmZq5am/NyXKkg==
  dependencies:
    "@babel/parser" "^7.16.4"
    "@vue/compiler-core" "3.2.37"
    "@vue/compiler-dom" "3.2.37"
    "@vue/compiler-ssr" "3.2.37"
    "@vue/reactivity-transform" "3.2.37"
    "@vue/shared" "3.2.37"
    estree-walker "^2.0.2"
    magic-string "^0.25.7"
    postcss "^8.1.10"
    source-map "^0.6.1"

"@vue/compiler-ssr@3.2.37":
  version "3.2.37"
  resolved "https://registry.yarnpkg.com/@vue/compiler-ssr/-/compiler-ssr-3.2.37.tgz#4899d19f3a5fafd61524a9d1aee8eb0505313cff"
  integrity sha512-7mQJD7HdXxQjktmsWp/J67lThEIcxLemz1Vb5I6rYJHR5vI+lON3nPGOH3ubmbvYGt8xEUaAr1j7/tIFWiEOqw==
  dependencies:
    "@vue/compiler-dom" "3.2.37"
    "@vue/shared" "3.2.37"

"@vue/devtools-api@^6.0.0", "@vue/devtools-api@^6.1.4":
  version "6.1.4"
  resolved "https://registry.yarnpkg.com/@vue/devtools-api/-/devtools-api-6.1.4.tgz#b4aec2f4b4599e11ba774a50c67fa378c9824e53"
  integrity sha512-IiA0SvDrJEgXvVxjNkHPFfDx6SXw0b/TUkqMcDZWNg9fnCAHbTpoo59YfJ9QLFkwa3raau5vSlRVzMSLDnfdtQ==

"@vue/reactivity-transform@3.2.37":
  version "3.2.37"
  resolved "https://registry.yarnpkg.com/@vue/reactivity-transform/-/reactivity-transform-3.2.37.tgz#0caa47c4344df4ae59f5a05dde2a8758829f8eca"
  integrity sha512-IWopkKEb+8qpu/1eMKVeXrK0NLw9HicGviJzhJDEyfxTR9e1WtpnnbYkJWurX6WwoFP0sz10xQg8yL8lgskAZg==
  dependencies:
    "@babel/parser" "^7.16.4"
    "@vue/compiler-core" "3.2.37"
    "@vue/shared" "3.2.37"
    estree-walker "^2.0.2"
    magic-string "^0.25.7"

"@vue/reactivity@3.2.37", "@vue/reactivity@^3.2.36":
  version "3.2.37"
  resolved "https://registry.yarnpkg.com/@vue/reactivity/-/reactivity-3.2.37.tgz#5bc3847ac58828e2b78526e08219e0a1089f8848"
  integrity sha512-/7WRafBOshOc6m3F7plwzPeCu/RCVv9uMpOwa/5PiY1Zz+WLVRWiy0MYKwmg19KBdGtFWsmZ4cD+LOdVPcs52A==
  dependencies:
    "@vue/shared" "3.2.37"

"@vue/runtime-core@3.2.37":
  version "3.2.37"
  resolved "https://registry.yarnpkg.com/@vue/runtime-core/-/runtime-core-3.2.37.tgz#7ba7c54bb56e5d70edfc2f05766e1ca8519966e3"
  integrity sha512-JPcd9kFyEdXLl/i0ClS7lwgcs0QpUAWj+SKX2ZC3ANKi1U4DOtiEr6cRqFXsPwY5u1L9fAjkinIdB8Rz3FoYNQ==
  dependencies:
    "@vue/reactivity" "3.2.37"
    "@vue/shared" "3.2.37"

"@vue/runtime-dom@3.2.37":
  version "3.2.37"
  resolved "https://registry.yarnpkg.com/@vue/runtime-dom/-/runtime-dom-3.2.37.tgz#002bdc8228fa63949317756fb1e92cdd3f9f4bbd"
  integrity sha512-HimKdh9BepShW6YozwRKAYjYQWg9mQn63RGEiSswMbW+ssIht1MILYlVGkAGGQbkhSh31PCdoUcfiu4apXJoPw==
  dependencies:
    "@vue/runtime-core" "3.2.37"
    "@vue/shared" "3.2.37"
    csstype "^2.6.8"

"@vue/server-renderer@3.2.37":
  version "3.2.37"
  resolved "https://registry.yarnpkg.com/@vue/server-renderer/-/server-renderer-3.2.37.tgz#840a29c8dcc29bddd9b5f5ffa22b95c0e72afdfc"
  integrity sha512-kLITEJvaYgZQ2h47hIzPh2K3jG8c1zCVbp/o/bzQOyvzaKiCquKS7AaioPI28GNxIsE/zSx+EwWYsNxDCX95MA==
  dependencies:
    "@vue/compiler-ssr" "3.2.37"
    "@vue/shared" "3.2.37"

"@vue/shared@3.2.37", "@vue/shared@^3.2.36":
  version "3.2.37"
  resolved "https://registry.yarnpkg.com/@vue/shared/-/shared-3.2.37.tgz#8e6adc3f2759af52f0e85863dfb0b711ecc5c702"
  integrity sha512-4rSJemR2NQIo9Klm1vabqWjD8rs/ZaJSzMxkMNeJS6lHiUjjUeYFbooN19NgFjztubEKh3WlZUeOLVdbbUWHsw==

"@vueuse/core@^8.6.0":
  version "8.7.3"
  resolved "https://registry.yarnpkg.com/@vueuse/core/-/core-8.7.3.tgz#50d4e40417f10d9b3ccf801cee9b1bf913f0a1da"
  integrity sha512-jpBnyG9b4wXgk0Dz3I71lfhD0o53t1tZR+NoAQ+17zJy7MP/VDfGIkq8GcqpDwmptLCmGiGVipkPbWmDGMic8Q==
  dependencies:
    "@vueuse/metadata" "8.7.3"
    "@vueuse/shared" "8.7.3"
    vue-demi "*"

"@vueuse/metadata@8.7.3":
  version "8.7.3"
  resolved "https://registry.yarnpkg.com/@vueuse/metadata/-/metadata-8.7.3.tgz#6db0d064ed4ece3854be63a43a829ed6395d6844"
  integrity sha512-spf9kgCsBEFbQb90I6SIqAWh1yP5T1JoJGj+/04+VTMIHXKzn3iecmHUalg8QEOCPNtnFQGNEw5OLg0L39eizg==

"@vueuse/shared@8.7.3":
  version "8.7.3"
  resolved "https://registry.yarnpkg.com/@vueuse/shared/-/shared-8.7.3.tgz#64b394c24a68fcf105c6bfe98954df11642bc111"
  integrity sha512-PMc/h6cEakJ4+5VuNUGi7RnbA6CkLvtG2230x8w3zYJpW1P6Qphh9+dFFvHn7TX+RlaicF5ND0RX1NxWmAoW7w==
  dependencies:
    vue-demi "*"

animate.css@^4.1.1:
  version "4.1.1"
  resolved "https://registry.yarnpkg.com/animate.css/-/animate.css-4.1.1.tgz#614ec5a81131d7e4dc362a58143f7406abd68075"
  integrity sha512-+mRmCTv6SbCmtYJCN4faJMNFVNN5EuCTTprDTAo7YzIGji2KADmakjVA3+8mVDkZ2Bf09vayB35lSQIex2+QaQ==

async-validator@^4.1.1:
  version "4.1.1"
  resolved "https://registry.yarnpkg.com/async-validator/-/async-validator-4.1.1.tgz#3cd1437faa2de64743f7d56649dd904c946a18fe"
  integrity sha512-p4DO/JXwjs8klJyJL8Q2oM4ks5fUTze/h5k10oPPKMiLe1fj3G1QMzPHNmN1Py4ycOk7WlO2DcGXv1qiESJCZA==

asynckit@^0.4.0:
  version "0.4.0"
  resolved "https://registry.yarnpkg.com/asynckit/-/asynckit-0.4.0.tgz#c79ed97f7f34cb8f2ba1bc9790bcc366474b4b79"
  integrity sha512-Oei9OH4tRh0YqU3GxhX79dM/mwVgvbZJaSNaRk+bshkj0S5cfHcgYakreBjrHwatXKbz+IoIdYLxrKim2MjW0Q==

axios@^0.27.2:
  version "0.27.2"
  resolved "https://registry.yarnpkg.com/axios/-/axios-0.27.2.tgz#207658cc8621606e586c85db4b41a750e756d972"
  integrity sha512-t+yRIyySRTp/wua5xEr+z1q60QmLq8ABsS5O9Me1AsE5dfKqgnCFzwiCZZ/cGNd1lq4/7akDWMxdhVlucjmnOQ==
  dependencies:
    follow-redirects "^1.14.9"
    form-data "^4.0.0"

combined-stream@^1.0.8:
  version "1.0.8"
  resolved "https://registry.yarnpkg.com/combined-stream/-/combined-stream-1.0.8.tgz#c3d45a8b34fd730631a110a8a2520682b31d5a7f"
  integrity sha512-FQN4MRfuJeHf7cBbBMJFXhKSDq+2kAArBlmRBvcvFE5BB1HZKXtSFASDhdlz9zOYwxh8lDdnvmMOe/+5cdoEdg==
  dependencies:
    delayed-stream "~1.0.0"

copy-anything@^2.0.1:
  version "2.0.6"
  resolved "https://registry.yarnpkg.com/copy-anything/-/copy-anything-2.0.6.tgz#092454ea9584a7b7ad5573062b2a87f5900fc480"
  integrity sha512-1j20GZTsvKNkc4BY3NpMOM8tt///wY3FpIzozTOFO2ffuZcV61nojHXVKIy3WM+7ADCy5FVhdZYHYDdgTU0yJw==
  dependencies:
    is-what "^3.14.1"

core-js@^3.20.1:
  version "3.23.1"
  resolved "https://registry.yarnpkg.com/core-js/-/core-js-3.23.1.tgz#9f9a9255115f62c512db56d567f636da32ca0b78"
  integrity sha512-wfMYHWi1WQjpgZNC9kAlN4ut04TM9fUTdi7CqIoTVM7yaiOUQTklOzfb+oWH3r9edQcT3F887swuVmxrV+CC8w==

csstype@^2.6.8:
  version "2.6.20"
  resolved "https://registry.yarnpkg.com/csstype/-/csstype-2.6.20.tgz#9229c65ea0b260cf4d3d997cb06288e36a8d6dda"
  integrity sha512-/WwNkdXfckNgw6S5R125rrW8ez139lBHWouiBvX8dfMFtcn6V81REDqnH7+CRpRipfYlyU1CmOnOxrmGcFOjeA==

dayjs@^1.11.3:
  version "1.11.3"
  resolved "https://registry.yarnpkg.com/dayjs/-/dayjs-1.11.3.tgz#4754eb694a624057b9ad2224b67b15d552589258"
  integrity sha512-xxwlswWOlGhzgQ4TKzASQkUhqERI3egRNqgV4ScR8wlANA/A9tZ7miXa44vTTKEq5l7vWoL5G57bG3zA+Kow0A==

debug@^3.2.6:
  version "3.2.7"
  resolved "https://registry.yarnpkg.com/debug/-/debug-3.2.7.tgz#72580b7e9145fb39b6676f9c5e5fb100b934179a"
  integrity sha512-CFjzYYAi4ThfiQvizrFQevTTXHtnCqWfe7x1AhgEscTz6ZbLbfoLRLPugTQyBth6f8ZERVUSyWHFD/7Wu4t1XQ==
  dependencies:
    ms "^2.1.1"

delayed-stream@~1.0.0:
  version "1.0.0"
  resolved "https://registry.yarnpkg.com/delayed-stream/-/delayed-stream-1.0.0.tgz#df3ae199acadfb7d440aaae0b29e2272b24ec619"
  integrity sha512-ZySD7Nf91aLB0RxL4KGrKHBXl7Eds1DAmEdcoVawXnLD7SDhpNgtuII2aAkg7a7QS41jxPSZ17p4VdGnMHk3MQ==

element-plus@^2.1.11:
  version "2.2.5"
  resolved "https://registry.yarnpkg.com/element-plus/-/element-plus-2.2.5.tgz#2bb889660c9bcb9bb71e18619915b35e0f48d569"
  integrity sha512-Kl0yn/PQca5YQo3M3NPBP4Xl71NQuMtDx5zNXZGVyl5FjdMujXiFB9SXKYGDUCgFU3d/Rl14vB4Fpmcl2Iz+Hw==
  dependencies:
    "@ctrl/tinycolor" "^3.4.1"
    "@element-plus/icons-vue" "^2.0.5"
    "@floating-ui/dom" "^0.5.2"
    "@popperjs/core" "npm:@sxzz/popperjs-es@^2.11.7"
    "@types/lodash" "^4.14.182"
    "@types/lodash-es" "^4.17.6"
    "@vueuse/core" "^8.6.0"
    async-validator "^4.1.1"
    dayjs "^1.11.3"
    escape-html "^1.0.3"
    lodash "^4.17.21"
    lodash-es "^4.17.21"
    lodash-unified "^1.0.2"
    memoize-one "^6.0.0"
    normalize-wheel-es "^1.1.2"

errno@^0.1.1:
  version "0.1.8"
  resolved "https://registry.yarnpkg.com/errno/-/errno-0.1.8.tgz#8bb3e9c7d463be4976ff888f76b4809ebc2e811f"
  integrity sha512-dJ6oBr5SQ1VSd9qkk7ByRgb/1SH4JZjCHSW/mr63/QcXO9zLVxvJ6Oy13nio03rxpSnVDDjFor75SjVeZWPW/A==
  dependencies:
    prr "~1.0.1"

esbuild-android-64@0.14.45:
  version "0.14.45"
  resolved "https://registry.yarnpkg.com/esbuild-android-64/-/esbuild-android-64-0.14.45.tgz#696f078d97a1350ceea5db626b3bc4a60fc13555"
  integrity sha512-krVmwL2uXQN1A+Ci4u2MR+Y0IAvQK0u3no5TsgguHVhTy138szjuohScCGjkpvLCpGLk7P4kFP1LKuntvJ0d4A==

esbuild-android-arm64@0.14.45:
  version "0.14.45"
  resolved "https://registry.yarnpkg.com/esbuild-android-arm64/-/esbuild-android-arm64-0.14.45.tgz#d229da8040cea4a0041756d1abcea375b4e3f9db"
  integrity sha512-62POGdzAjM+XOXEM5MmFW6k9Pjdjg1hTrXKKBbPE700LFF36B+1Jv9QkskT5UadbTk4cdH9BQ7bGiRPYY0p/Dw==

esbuild-darwin-64@0.14.45:
  version "0.14.45"
  resolved "https://registry.yarnpkg.com/esbuild-darwin-64/-/esbuild-darwin-64-0.14.45.tgz#d7d38d91e4c03890d58c297131e9b82895a37a6a"
  integrity sha512-dbkVUAnGx5IeZesWnIhnvxy7dSvgUQvfy0TVLzd9XVP3oI/VsKs8UNsfPrxI5HiN4SINv7oPAbxWceMpB7IqNA==

esbuild-darwin-arm64@0.14.45:
  version "0.14.45"
  resolved "https://registry.yarnpkg.com/esbuild-darwin-arm64/-/esbuild-darwin-arm64-0.14.45.tgz#d4df2871b94351d7d5561e41f91aadba46857838"
  integrity sha512-O6Bz7nnOae5rvbh2Ueo8ibSr7+/eLjsbPdgeMsAZri+LkOa7nsVPnhmocpO3Hy/LWfagTtHy1O9HRPIaArPmTg==

esbuild-freebsd-64@0.14.45:
  version "0.14.45"
  resolved "https://registry.yarnpkg.com/esbuild-freebsd-64/-/esbuild-freebsd-64-0.14.45.tgz#e90106a2db3f5b0771392d3f9d8801b3138825c6"
  integrity sha512-y1X2nr3XSWnDC7MRcy21EVAT0TiCtdefOntJ+SQcZnPBTURzX77f99S8lDF2KswukChkiacpd2Wd4VZieo7w7Q==

esbuild-freebsd-arm64@0.14.45:
  version "0.14.45"
  resolved "https://registry.yarnpkg.com/esbuild-freebsd-arm64/-/esbuild-freebsd-arm64-0.14.45.tgz#e734c8ae8042cd9224406d45d6992261382bcbde"
  integrity sha512-r3ZNejkx1BKXQ6sYOP6C5rTwgiUajyAh03wygLWZtl+SLyygvAnu+OouqtveesufjBDgujp4wZXP/n8PVqXkqg==

esbuild-linux-32@0.14.45:
  version "0.14.45"
  resolved "https://registry.yarnpkg.com/esbuild-linux-32/-/esbuild-linux-32-0.14.45.tgz#0f814a784c941bfd5a5dca7ff742b57744c5324b"
  integrity sha512-Qk9cCO3PJig/Y+SdslN/Th4pbAjgaH9oUjVH28eMsLTPf6QDUuK6EED91jepJdR3vxhcnVjyl6JqtOWmP+uxCg==

esbuild-linux-64@0.14.45:
  version "0.14.45"
  resolved "https://registry.yarnpkg.com/esbuild-linux-64/-/esbuild-linux-64-0.14.45.tgz#2028a6dfb3fea7a5dd5e87cf00d02a36a3373e3c"
  integrity sha512-IybO2ugqvc/Zzn1Kih3x0FVjYAy3GTCwhtcp91dbdqk3wPqxYCzObYspa8ca0s+OovI0Cnb+rhXrUtq8gBqlqw==

esbuild-linux-arm64@0.14.45:
  version "0.14.45"
  resolved "https://registry.yarnpkg.com/esbuild-linux-arm64/-/esbuild-linux-arm64-0.14.45.tgz#6fef4165583215918d45150148ac0a18d5ef6323"
  integrity sha512-UNEyuHTwztrkEU/+mWIxGzKrYBo2cEtjYAZQVZB1kliANKgRITktg2miaO/b/VtNe84ob1aXSvW8XOPEn5RTGQ==

esbuild-linux-arm@0.14.45:
  version "0.14.45"
  resolved "https://registry.yarnpkg.com/esbuild-linux-arm/-/esbuild-linux-arm-0.14.45.tgz#e454f701ae5371322c8265f4356e098611e51f96"
  integrity sha512-qKWJ4A4TAcxXV2TBLPw3Av5X2SYNfyNnBHNJTQJ5VuevK6Aq5i6XEMvUgdlcVuZ9MYPfS5aJZWglzDzJMf1Lpw==

esbuild-linux-mips64le@0.14.45:
  version "0.14.45"
  resolved "https://registry.yarnpkg.com/esbuild-linux-mips64le/-/esbuild-linux-mips64le-0.14.45.tgz#093cc86be71f9b0cd2876da23ee2f5d35b09a247"
  integrity sha512-s/jcfw3Vpku5dIVSFVY7idJsGdIpIJ88IrkyprVgCG2yBeXatb67B7yIt0E1tL+OHrJJdNBw6GikCiMPAAu1VA==

esbuild-linux-ppc64le@0.14.45:
  version "0.14.45"
  resolved "https://registry.yarnpkg.com/esbuild-linux-ppc64le/-/esbuild-linux-ppc64le-0.14.45.tgz#8bddbf67157027e917b6e5b04230d7cf14d62cf2"
  integrity sha512-lJItl6ESZnhSx951U9R7MTBopgwIELHlQzC6SBR023V5JC1rPRFDZ/UEBsV+7BFcCAfqlyb+odGEAmcBSf4XCA==

esbuild-linux-riscv64@0.14.45:
  version "0.14.45"
  resolved "https://registry.yarnpkg.com/esbuild-linux-riscv64/-/esbuild-linux-riscv64-0.14.45.tgz#0f234f63595159cfc976fd5310e7902e8b5a7ad7"
  integrity sha512-8anMu+QLl9MununVCGJN2I/JvUWPm1EVsBBLq/J+Nz4hr8t6QOCuEp0HRaeMohyl2XiMFBchVu0mwa05rF7GFQ==

esbuild-linux-s390x@0.14.45:
  version "0.14.45"
  resolved "https://registry.yarnpkg.com/esbuild-linux-s390x/-/esbuild-linux-s390x-0.14.45.tgz#272288e0f30e4fa0f01d6df6572602c7df78c256"
  integrity sha512-1TPeNvNCoahMw745KNTA6POKaFfSqQrBb3fdOL82GXZqyKU/6rHNwGP0NgHe88bAUMp3QZfjGfCGKxfBHL77RQ==

esbuild-netbsd-64@0.14.45:
  version "0.14.45"
  resolved "https://registry.yarnpkg.com/esbuild-netbsd-64/-/esbuild-netbsd-64-0.14.45.tgz#0f9af25773e025cd1ca5e22277661cb15d36b406"
  integrity sha512-55f2eZ8EQhhOZosqX0mApgRoI9PrVyXlHd9Uivk+B0B4WTKUgzkoHaVk4EkIUtNRQTpDWPciTlpb/C2tUYVejA==

esbuild-openbsd-64@0.14.45:
  version "0.14.45"
  resolved "https://registry.yarnpkg.com/esbuild-openbsd-64/-/esbuild-openbsd-64-0.14.45.tgz#6d47a564eb4b80d9e3aeb4493918b36d17440228"
  integrity sha512-Z5sNcT3oN9eryMW3mGn5HAgg7XCxiUS4isqH1tZXpsdOdOESbgbTEP0mBEJU0WU7Vt2gIN5XMbAp7Oigm0k71g==

esbuild-sunos-64@0.14.45:
  version "0.14.45"
  resolved "https://registry.yarnpkg.com/esbuild-sunos-64/-/esbuild-sunos-64-0.14.45.tgz#cca97d7d31214bddfa1970386883d1f3f2868cec"
  integrity sha512-WmWu4wAm8mIxxK9aWFCj5VHunY3BHQDT3dAPexMLLszPyMF7RDtUYf+Dash9tjyitvnoxPAvR7DpWpirDLQIlQ==

esbuild-windows-32@0.14.45:
  version "0.14.45"
  resolved "https://registry.yarnpkg.com/esbuild-windows-32/-/esbuild-windows-32-0.14.45.tgz#afd98449fd6a741a4655e3e4f0e5ae7081765baf"
  integrity sha512-DPPehKwPJFBoSG+jILc/vcJNN8pTwz1m6FWojxqtqPhgw8OabTgN4vL7gNMqL/FSeDxF+zyvZeeMrZFYF1d81Q==

esbuild-windows-64@0.14.45:
  version "0.14.45"
  resolved "https://registry.yarnpkg.com/esbuild-windows-64/-/esbuild-windows-64-0.14.45.tgz#5d284b712b119c6306ac5f32e2a611ac6eec2842"
  integrity sha512-t6bxFZcp9bLmSs+1pCNL/BW2bq3QEQHxU4HoiMEyWfF8QBU8iNXFI1iLGdyCzB1Ue2739h55tpOvojFrfyNPWA==

esbuild-windows-arm64@0.14.45:
  version "0.14.45"
  resolved "https://registry.yarnpkg.com/esbuild-windows-arm64/-/esbuild-windows-arm64-0.14.45.tgz#08089d4cc921939ed352d9c2d928b5d867a6dc67"
  integrity sha512-DnhrvjECBJ2L0owoznPb4RqQKZ498SM8J+YHqmqzi0Gf/enkUwwTjB8vPCK6dDuFnNU/NE8f94FhKdkBHYruDQ==

esbuild@^0.14.27:
  version "0.14.45"
  resolved "https://registry.yarnpkg.com/esbuild/-/esbuild-0.14.45.tgz#3e3192894f91c32cf19207726f136278be46e968"
  integrity sha512-JOxGUD8jcs8xE8DjyGWC8by/vLMCXTJ/wuauWipL5kJRZx1dhpqIntb31QHjA45GZJWaXv7SjC/Zwu1bCkXWtQ==
  optionalDependencies:
    esbuild-android-64 "0.14.45"
    esbuild-android-arm64 "0.14.45"
    esbuild-darwin-64 "0.14.45"
    esbuild-darwin-arm64 "0.14.45"
    esbuild-freebsd-64 "0.14.45"
    esbuild-freebsd-arm64 "0.14.45"
    esbuild-linux-32 "0.14.45"
    esbuild-linux-64 "0.14.45"
    esbuild-linux-arm "0.14.45"
    esbuild-linux-arm64 "0.14.45"
    esbuild-linux-mips64le "0.14.45"
    esbuild-linux-ppc64le "0.14.45"
    esbuild-linux-riscv64 "0.14.45"
    esbuild-linux-s390x "0.14.45"
    esbuild-netbsd-64 "0.14.45"
    esbuild-openbsd-64 "0.14.45"
    esbuild-sunos-64 "0.14.45"
    esbuild-windows-32 "0.14.45"
    esbuild-windows-64 "0.14.45"
    esbuild-windows-arm64 "0.14.45"

escape-html@^1.0.3:
  version "1.0.3"
  resolved "https://registry.yarnpkg.com/escape-html/-/escape-html-1.0.3.tgz#0258eae4d3d0c0974de1c169188ef0051d1d1988"
  integrity sha512-NiSupZ4OeuGwr68lGIeym/ksIZMJodUGOSCZ/FSnTxcrekbvqrgdUxlJOMpijaKZVjAJrWrGs/6Jy8OMuyj9ow==

estree-walker@^2.0.2:
  version "2.0.2"
  resolved "https://registry.yarnpkg.com/estree-walker/-/estree-walker-2.0.2.tgz#52f010178c2a4c117a7757cfe942adb7d2da4cac"
  integrity sha512-Rfkk/Mp/DL7JVje3u18FxFujQlTNR2q6QfMSMB7AvCBx91NGj/ba3kCfza0f6dVDbw7YlRf/nDrn7pQrCCyQ/w==

follow-redirects@^1.14.9:
  version "1.15.1"
  resolved "https://registry.yarnpkg.com/follow-redirects/-/follow-redirects-1.15.1.tgz#0ca6a452306c9b276e4d3127483e29575e207ad5"
  integrity sha512-yLAMQs+k0b2m7cVxpS1VKJVvoz7SS9Td1zss3XRwXj+ZDH00RJgnuLx7E44wx02kQLrdM3aOOy+FpzS7+8OizA==

form-data@^4.0.0:
  version "4.0.0"
  resolved "https://registry.yarnpkg.com/form-data/-/form-data-4.0.0.tgz#93919daeaf361ee529584b9b31664dc12c9fa452"
  integrity sha512-ETEklSGi5t0QMZuiXoA/Q6vcnxcLQP5vdugSpuAyi6SVGi2clPPp+xgEhuMaHC+zGgn31Kd235W35f7Hykkaww==
  dependencies:
    asynckit "^0.4.0"
    combined-stream "^1.0.8"
    mime-types "^2.1.12"

fsevents@~2.3.2:
  version "2.3.2"
  resolved "https://registry.yarnpkg.com/fsevents/-/fsevents-2.3.2.tgz#8a526f78b8fdf4623b709e0b975c52c24c02fd1a"
  integrity sha512-xiqMQR4xAeHTuB9uWm+fFRcIOgKBMiOBP+eXiyT7jsgVCq1bkVygt00oASowB7EdtpOHaaPgKt812P9ab+DDKA==

function-bind@^1.1.1:
  version "1.1.1"
  resolved "https://registry.yarnpkg.com/function-bind/-/function-bind-1.1.1.tgz#a56899d3ea3c9bab874bb9773b7c5ede92f4895d"
  integrity sha512-yIovAzMX49sF8Yl58fSCWJ5svSLuaibPxXQJFLmBObTuCr0Mf1KiPopGM9NiFjiYBCbfaa2Fh6breQ6ANVTI0A==

graceful-fs@^4.1.2:
  version "4.2.10"
  resolved "https://registry.yarnpkg.com/graceful-fs/-/graceful-fs-4.2.10.tgz#147d3a006da4ca3ce14728c7aefc287c367d7a6c"
  integrity sha512-9ByhssR2fPVsNZj478qUUbKfmL0+t5BDVyjShtyZZLiK7ZDAArFFfopyOTj0M05wE2tJPisA4iTnnXl2YoPvOA==

has@^1.0.3:
  version "1.0.3"
  resolved "https://registry.yarnpkg.com/has/-/has-1.0.3.tgz#722d7cbfc1f6aa8241f16dd814e011e1f41e8796"
  integrity sha512-f2dvO0VU6Oej7RkWJGrehjbzMAjFp5/VKPp5tTpWIV4JHHZK1/BxbFRtf/siA2SWTe09caDmVtYYzWEIbBS4zw==
  dependencies:
    function-bind "^1.1.1"

iconv-lite@^0.6.3:
  version "0.6.3"
  resolved "https://registry.yarnpkg.com/iconv-lite/-/iconv-lite-0.6.3.tgz#a52f80bf38da1952eb5c681790719871a1a72501"
  integrity sha512-4fCk79wshMdzMp2rH06qWrJE4iolqLhCUH+OiuIgU++RB0+94NlDL81atO7GX55uUKueo0txHNtvEyI6D7WdMw==
  dependencies:
    safer-buffer ">= 2.1.2 < 3.0.0"

image-size@~0.5.0:
  version "0.5.5"
  resolved "https://registry.yarnpkg.com/image-size/-/image-size-0.5.5.tgz#09dfd4ab9d20e29eb1c3e80b8990378df9e3cb9c"
  integrity sha512-6TDAlDPZxUFCv+fuOkIoXT/V/f3Qbq8e37p+YOiYrUv3v9cc3/6x78VdfPgFVaB9dZYeLUfKgHRebpkm/oP2VQ==

is-core-module@^2.8.1:
  version "2.9.0"
  resolved "https://registry.yarnpkg.com/is-core-module/-/is-core-module-2.9.0.tgz#e1c34429cd51c6dd9e09e0799e396e27b19a9c69"
  integrity sha512-+5FPy5PnwmO3lvfMb0AsoPaBG+5KHUI0wYFXOtYPnVVVspTFUuMZNfNaNVRt3FZadstu2c8x23vykRW/NBoU6A==
  dependencies:
    has "^1.0.3"

is-what@^3.14.1:
  version "3.14.1"
  resolved "https://registry.yarnpkg.com/is-what/-/is-what-3.14.1.tgz#e1222f46ddda85dead0fd1c9df131760e77755c1"
  integrity sha512-sNxgpk9793nzSs7bA6JQJGeIuRBQhAaNGG77kzYQgMkrID+lS6SlK07K5LaptscDlSaIgH+GPFzf+d75FVxozA==

klona@^2.0.4:
  version "2.0.5"
  resolved "https://registry.yarnpkg.com/klona/-/klona-2.0.5.tgz#d166574d90076395d9963aa7a928fabb8d76afbc"
  integrity sha512-pJiBpiXMbt7dkzXe8Ghj/u4FfXOOa98fPW+bihOJ4SjnoijweJrNThJfd3ifXpXhREjpoF2mZVH1GfS9LV3kHQ==

less-loader@^10.2.0:
  version "10.2.0"
  resolved "https://registry.yarnpkg.com/less-loader/-/less-loader-10.2.0.tgz#97286d8797dc3dc05b1d16b0ecec5f968bdd4e32"
  integrity sha512-AV5KHWvCezW27GT90WATaDnfXBv99llDbtaj4bshq6DvAihMdNjaPDcUMa6EXKLRF+P2opFenJp89BXg91XLYg==
  dependencies:
    klona "^2.0.4"

less@^4.1.2:
  version "4.1.3"
  resolved "https://registry.yarnpkg.com/less/-/less-4.1.3.tgz#175be9ddcbf9b250173e0a00b4d6920a5b770246"
  integrity sha512-w16Xk/Ta9Hhyei0Gpz9m7VS8F28nieJaL/VyShID7cYvP6IL5oHeL6p4TXSDJqZE/lNv0oJ2pGVjJsRkfwm5FA==
  dependencies:
    copy-anything "^2.0.1"
    parse-node-version "^1.0.1"
    tslib "^2.3.0"
  optionalDependencies:
    errno "^0.1.1"
    graceful-fs "^4.1.2"
    image-size "~0.5.0"
    make-dir "^2.1.0"
    mime "^1.4.1"
    needle "^3.1.0"
    source-map "~0.6.0"

lodash-es@^4.17.21:
  version "4.17.21"
  resolved "https://registry.yarnpkg.com/lodash-es/-/lodash-es-4.17.21.tgz#43e626c46e6591b7750beb2b50117390c609e3ee"
  integrity sha512-mKnC+QJ9pWVzv+C4/U3rRsHapFfHvQFoFB92e52xeyGMcX6/OlIl78je1u8vePzYZSkkogMPJ2yjxxsb89cxyw==

lodash-unified@^1.0.2:
  version "1.0.2"
  resolved "https://registry.yarnpkg.com/lodash-unified/-/lodash-unified-1.0.2.tgz#bb2694db3533781e5cce984af60cfaea318b83c1"
  integrity sha512-OGbEy+1P+UT26CYi4opY4gebD8cWRDxAT6MAObIVQMiqYdxZr1g3QHWCToVsm31x2NkLS4K3+MC2qInaRMa39g==

lodash@^4.17.21:
  version "4.17.21"
  resolved "https://registry.yarnpkg.com/lodash/-/lodash-4.17.21.tgz#679591c564c3bffaae8454cf0b3df370c3d6911c"
  integrity sha512-v2kDEe57lecTulaDIuNTPy3Ry4gLGJ6Z1O3vE1krgXZNrsQ+LFTGHVxVjcXPs17LhbZVGedAJv8XZ1tvj5FvSg==

magic-string@^0.25.7:
  version "0.25.9"
  resolved "https://registry.yarnpkg.com/magic-string/-/magic-string-0.25.9.tgz#de7f9faf91ef8a1c91d02c2e5314c8277dbcdd1c"
  integrity sha512-RmF0AsMzgt25qzqqLc1+MbHmhdx0ojF2Fvs4XnOqz2ZOBXzzkEwc/dJQZCYHAn7v1jbVOjAZfK8msRn4BxO4VQ==
  dependencies:
    sourcemap-codec "^1.4.8"

make-dir@^2.1.0:
  version "2.1.0"
  resolved "https://registry.yarnpkg.com/make-dir/-/make-dir-2.1.0.tgz#5f0310e18b8be898cc07009295a30ae41e91e6f5"
  integrity sha512-LS9X+dc8KLxXCb8dni79fLIIUA5VyZoyjSMCwTluaXA0o27cCK0bhXkpgw+sTXVpPy/lSO57ilRixqk0vDmtRA==
  dependencies:
    pify "^4.0.1"
    semver "^5.6.0"

memoize-one@^6.0.0:
  version "6.0.0"
  resolved "https://registry.yarnpkg.com/memoize-one/-/memoize-one-6.0.0.tgz#b2591b871ed82948aee4727dc6abceeeac8c1045"
  integrity sha512-rkpe71W0N0c0Xz6QD0eJETuWAJGnJ9afsl1srmwPrI+yBCkge5EycXXbYRyvL29zZVUWQCY7InPRCv3GDXuZNw==

mime-db@1.52.0:
  version "1.52.0"
  resolved "https://registry.yarnpkg.com/mime-db/-/mime-db-1.52.0.tgz#bbabcdc02859f4987301c856e3387ce5ec43bf70"
  integrity sha512-sPU4uV7dYlvtWJxwwxHD0PuihVNiE7TyAbQ5SWxDCB9mUYvOgroQOwYQQOKPJ8CIbE+1ETVlOoK1UC2nU3gYvg==

mime-types@^2.1.12:
  version "2.1.35"
  resolved "https://registry.yarnpkg.com/mime-types/-/mime-types-2.1.35.tgz#381a871b62a734450660ae3deee44813f70d959a"
  integrity sha512-ZDY+bPm5zTTF+YpCrAU9nK0UgICYPT0QtT1NZWFv4s++TNkcgVaT0g6+4R2uI4MjQjzysHB1zxuWL50hzaeXiw==
  dependencies:
    mime-db "1.52.0"

mime@^1.4.1:
  version "1.6.0"
  resolved "https://registry.yarnpkg.com/mime/-/mime-1.6.0.tgz#32cd9e5c64553bd58d19a568af452acff04981b1"
  integrity sha512-x0Vn8spI+wuJ1O6S7gnbaQg8Pxh4NNHb7KSINmEWKiPE4RKOplvijn+NkmYmmRgP68mc70j2EbeTFRsrswaQeg==

ms@^2.1.1:
  version "2.1.3"
  resolved "https://registry.yarnpkg.com/ms/-/ms-2.1.3.tgz#574c8138ce1d2b5861f0b44579dbadd60c6615b2"
  integrity sha512-6FlzubTLZG3J2a/NVCAleEhjzq5oxgHyaCU9yYXvcLsvoVaHJq/s5xXI6/XXP6tz7R9xAOtHnSO/tXtF3WRTlA==

nanoid@^3.3.4:
  version "3.3.4"
  resolved "https://registry.yarnpkg.com/nanoid/-/nanoid-3.3.4.tgz#730b67e3cd09e2deacf03c027c81c9d9dbc5e8ab"
  integrity sha512-MqBkQh/OHTS2egovRtLk45wEyNXwF+cokD+1YPf9u5VfJiRdAiRwB2froX5Co9Rh20xs4siNPm8naNotSD6RBw==

needle@^3.1.0:
  version "3.1.0"
  resolved "https://registry.yarnpkg.com/needle/-/needle-3.1.0.tgz#3bf5cd090c28eb15644181ab6699e027bd6c53c9"
  integrity sha512-gCE9weDhjVGCRqS8dwDR/D3GTAeyXLXuqp7I8EzH6DllZGXSUyxuqqLh+YX9rMAWaaTFyVAg6rHGL25dqvczKw==
  dependencies:
    debug "^3.2.6"
    iconv-lite "^0.6.3"
    sax "^1.2.4"

normalize-wheel-es@^1.1.2:
  version "1.1.2"
  resolved "https://registry.yarnpkg.com/normalize-wheel-es/-/normalize-wheel-es-1.1.2.tgz#285e43676a62d687bf145e33452ea6be435162d0"
  integrity sha512-scX83plWJXYH1J4+BhAuIHadROzxX0UBF3+HuZNY2Ks8BciE7tSTQ+5JhTsvzjaO0/EJdm4JBGrfObKxFf3Png==

parse-node-version@^1.0.1:
  version "1.0.1"
  resolved "https://registry.yarnpkg.com/parse-node-version/-/parse-node-version-1.0.1.tgz#e2b5dbede00e7fa9bc363607f53327e8b073189b"
  integrity sha512-3YHlOa/JgH6Mnpr05jP9eDG254US9ek25LyIxZlDItp2iJtwyaXQb57lBYLdT3MowkUFYEV2XXNAYIPlESvJlA==

particles.vue3@^2.0.6:
  version "2.0.6"
  resolved "https://registry.yarnpkg.com/particles.vue3/-/particles.vue3-2.0.6.tgz#073deb5d704331109ff2f22af7a58ae82d3ba0cf"
  integrity sha512-jSwLOvmOFmdwJyP4zfqzM/fL64Akbefdff5sQ7hnf1InAmv9b2QdswncR3DO2sP8KzhlhkFdenuROs0cZLRQVA==
  dependencies:
    core-js "^3.20.1"
    tsparticles-engine "^2.0.6"
    vue-class-component "^8.0.0-rc.1"

path-parse@^1.0.7:
  version "1.0.7"
  resolved "https://registry.yarnpkg.com/path-parse/-/path-parse-1.0.7.tgz#fbc114b60ca42b30d9daf5858e4bd68bbedb6735"
  integrity sha512-LDJzPVEEEPR+y48z93A0Ed0yXb8pAByGWo/k5YYdYgpY2/2EsOsksJrq7lOHxryrVOn1ejG6oAp8ahvOIQD8sw==

picocolors@^1.0.0:
  version "1.0.0"
  resolved "https://registry.yarnpkg.com/picocolors/-/picocolors-1.0.0.tgz#cb5bdc74ff3f51892236eaf79d68bc44564ab81c"
  integrity sha512-1fygroTLlHu66zi26VoTDv8yRgm0Fccecssto+MhsZ0D/DGW2sm8E8AjW7NU5VVTRt5GxbeZ5qBuJr+HyLYkjQ==

pify@^4.0.1:
  version "4.0.1"
  resolved "https://registry.yarnpkg.com/pify/-/pify-4.0.1.tgz#4b2cd25c50d598735c50292224fd8c6df41e3231"
  integrity sha512-uB80kBFb/tfd68bVleG9T5GGsGPjJrLAUpR5PZIrhBnIaRTQRjqdJSsIKkOP6OAIFbj7GOrcudc5pNjZ+geV2g==

pinia@^2.0.14:
  version "2.0.14"
  resolved "https://registry.yarnpkg.com/pinia/-/pinia-2.0.14.tgz#0837898c20291ebac982bbfca95c8d3c6099925f"
  integrity sha512-0nPuZR4TetT/WcLN+feMSjWJku3SQU7dBbXC6uw+R6FLQJCsg+/0pzXyD82T1FmAYe0lsx+jnEDQ1BLgkRKlxA==
  dependencies:
    "@vue/devtools-api" "^6.1.4"
    vue-demi "*"

postcss@^8.1.10, postcss@^8.4.13:
  version "8.4.14"
  resolved "https://registry.yarnpkg.com/postcss/-/postcss-8.4.14.tgz#ee9274d5622b4858c1007a74d76e42e56fd21caf"
  integrity sha512-E398TUmfAYFPBSdzgeieK2Y1+1cpdxJx8yXbK/m57nRhKSmk1GB2tO4lbLBtlkfPQTDKfe4Xqv1ASWPpayPEig==
  dependencies:
    nanoid "^3.3.4"
    picocolors "^1.0.0"
    source-map-js "^1.0.2"

prr@~1.0.1:
  version "1.0.1"
  resolved "https://registry.yarnpkg.com/prr/-/prr-1.0.1.tgz#d3fc114ba06995a45ec6893f484ceb1d78f5f476"
  integrity sha512-yPw4Sng1gWghHQWj0B3ZggWUm4qVbPwPFcRG8KyxiU7J2OHFSoEHKS+EZ3fv5l1t9CyCiop6l/ZYeWbrgoQejw==

resolve@^1.22.0:
  version "1.22.0"
  resolved "https://registry.yarnpkg.com/resolve/-/resolve-1.22.0.tgz#5e0b8c67c15df57a89bdbabe603a002f21731198"
  integrity sha512-Hhtrw0nLeSrFQ7phPp4OOcVjLPIeMnRlr5mcnVuMe7M/7eBn98A3hmFRLoFo3DLZkivSYwhRUJTyPyWAk56WLw==
  dependencies:
    is-core-module "^2.8.1"
    path-parse "^1.0.7"
    supports-preserve-symlinks-flag "^1.0.0"

rollup@^2.59.0:
  version "2.75.6"
  resolved "https://registry.yarnpkg.com/rollup/-/rollup-2.75.6.tgz#ac4dc8600f95942a0180f61c7c9d6200e374b439"
  integrity sha512-OEf0TgpC9vU6WGROJIk1JA3LR5vk/yvqlzxqdrE2CzzXnqKXNzbAwlWUXis8RS3ZPe7LAq+YUxsRa0l3r27MLA==
  optionalDependencies:
    fsevents "~2.3.2"

"safer-buffer@>= 2.1.2 < 3.0.0":
  version "2.1.2"
  resolved "https://registry.yarnpkg.com/safer-buffer/-/safer-buffer-2.1.2.tgz#44fa161b0187b9549dd84bb91802f9bd8385cd6a"
  integrity sha512-YZo3K82SD7Riyi0E1EQPojLz7kpepnSQI9IyPbHHg1XXXevb5dJI7tpyN2ADxGcQbHG7vcyRHk0cbwqcQriUtg==

sax@^1.2.4:
  version "1.2.4"
  resolved "https://registry.yarnpkg.com/sax/-/sax-1.2.4.tgz#2816234e2378bddc4e5354fab5caa895df7100d9"
  integrity sha512-NqVDv9TpANUjFm0N8uM5GxL36UgKi9/atZw+x7YFnQ8ckwFGKrl4xX4yWtrey3UJm5nP1kUbnYgLopqWNSRhWw==

semver@^5.6.0:
  version "5.7.1"
  resolved "https://registry.yarnpkg.com/semver/-/semver-5.7.1.tgz#a954f931aeba508d307bbf069eff0c01c96116f7"
  integrity sha512-sauaDf/PZdVgrLTNYHRtpXa1iRiKcaebiKQ1BJdpQlWH2lCvexQdX55snPFyK7QzpudqbCI0qXFfOasHdyNDGQ==

source-map-js@^1.0.2:
  version "1.0.2"
  resolved "https://registry.yarnpkg.com/source-map-js/-/source-map-js-1.0.2.tgz#adbc361d9c62df380125e7f161f71c826f1e490c"
  integrity sha512-R0XvVJ9WusLiqTCEiGCmICCMplcCkIwwR11mOSD9CR5u+IXYdiseeEuXCVAjS54zqwkLcPNnmU4OeJ6tUrWhDw==

source-map@^0.6.1, source-map@~0.6.0:
  version "0.6.1"
  resolved "https://registry.yarnpkg.com/source-map/-/source-map-0.6.1.tgz#74722af32e9614e9c287a8d0bbde48b5e2f1a263"
  integrity sha512-UjgapumWlbMhkBgzT7Ykc5YXUT46F0iKu8SGXq0bcwP5dz/h0Plj6enJqjz1Zbq2l5WaqYnrVbwWOWMyF3F47g==

sourcemap-codec@^1.4.8:
  version "1.4.8"
  resolved "https://registry.yarnpkg.com/sourcemap-codec/-/sourcemap-codec-1.4.8.tgz#ea804bd94857402e6992d05a38ef1ae35a9ab4c4"
  integrity sha512-9NykojV5Uih4lgo5So5dtw+f0JgJX30KCNI8gwhz2J9A15wD0Ml6tjHKwf6fTSa6fAdVBdZeNOs9eJ71qCk8vA==

supports-preserve-symlinks-flag@^1.0.0:
  version "1.0.0"
  resolved "https://registry.yarnpkg.com/supports-preserve-symlinks-flag/-/supports-preserve-symlinks-flag-1.0.0.tgz#6eda4bd344a3c94aea376d4cc31bc77311039e09"
  integrity sha512-ot0WnXS9fgdkgIcePe6RHNk1WA8+muPa6cSjeR3V8K27q9BB1rTE3R1p7Hv0z1ZyAc8s6Vvv8DIyWf681MAt0w==

three@^0.121.0:
  version "0.121.1"
  resolved "https://registry.yarnpkg.com/three/-/three-0.121.1.tgz#fda39cf4701d02be9c3be5c27ccea24b7a1ea59b"
  integrity sha512-+rYhNpW5W1aBdLkPQDld/GA4Sj/uOKJJKVpCAZUbpk/HZEiYRUlPt8+s+9nmxRglWmRHdBa3ERvUwqg4nmoA5w==

tslib@^2.3.0:
  version "2.4.0"
  resolved "https://registry.yarnpkg.com/tslib/-/tslib-2.4.0.tgz#7cecaa7f073ce680a05847aa77be941098f36dc3"
  integrity sha512-d6xOpEDfsi2CZVlPQzGeux8XMwLT9hssAsaPYExaQMuYskwb+x1x7J371tWlbBdWHroy99KnVB6qIkUbs5X3UQ==

tsparticles-engine@^2.0.6:
  version "2.0.6"
  resolved "https://registry.yarnpkg.com/tsparticles-engine/-/tsparticles-engine-2.0.6.tgz#27e85d8d014a2d9435ffc9a2c7efd570baf6dc64"
  integrity sha512-qsAMp68No1ncbFQbyjILrVtS9LeNTtBmxPa91COvHq4iLELReUjVxXTWfLWi0+xczTbdpNPRPx92r0V3xlqeHw==

typescript@^4.5.4:
  version "4.7.3"
  resolved "https://registry.yarnpkg.com/typescript/-/typescript-4.7.3.tgz#8364b502d5257b540f9de4c40be84c98e23a129d"
  integrity sha512-WOkT3XYvrpXx4vMMqlD+8R8R37fZkjyLGlxavMc4iB8lrl8L0DeTcHbYgw/v0N/z9wAFsgBhcsF0ruoySS22mA==

vanta@^0.5.22:
  version "0.5.22"
  resolved "https://registry.yarnpkg.com/vanta/-/vanta-0.5.22.tgz#92290e4ebac0b7c0d4822a4316d03ccd6bf33779"
  integrity sha512-Y58U1SjHU6HeIuwq+te7eonyi7LWzKqyPDjZyQ7Kb6Zy4ampNJHRIUZvf1Pwl6uTC6Qi6P9fUYDsUVQDHq0KKg==

vite@^2.9.5:
  version "2.9.12"
  resolved "https://registry.yarnpkg.com/vite/-/vite-2.9.12.tgz#b1d636b0a8ac636afe9d83e3792d4895509a941b"
  integrity sha512-suxC36dQo9Rq1qMB2qiRorNJtJAdxguu5TMvBHOc/F370KvqAe9t48vYp+/TbPKRNrMh/J55tOUmkuIqstZaew==
  dependencies:
    esbuild "^0.14.27"
    postcss "^8.4.13"
    resolve "^1.22.0"
    rollup "^2.59.0"
  optionalDependencies:
    fsevents "~2.3.2"

vue-class-component@^8.0.0-rc.1:
  version "8.0.0-rc.1"
  resolved "https://registry.yarnpkg.com/vue-class-component/-/vue-class-component-8.0.0-rc.1.tgz#db692cd97656eb9a08206c03d0b7398cdb1d9420"
  integrity sha512-w1nMzsT/UdbDAXKqhwTmSoyuJzUXKrxLE77PCFVuC6syr8acdFDAq116xgvZh9UCuV0h+rlCtxXolr3Hi3HyPQ==

vue-demi@*:
  version "0.13.1"
  resolved "https://registry.yarnpkg.com/vue-demi/-/vue-demi-0.13.1.tgz#7604904c88be338418a10abbc94d5b8caa14cb8c"
  integrity sha512-xmkJ56koG3ptpLnpgmIzk9/4nFf4CqduSJbUM0OdPoU87NwRuZ6x49OLhjSa/fC15fV+5CbEnrxU4oyE022svg==

vue-router@^4.0.15:
  version "4.0.16"
  resolved "https://registry.yarnpkg.com/vue-router/-/vue-router-4.0.16.tgz#9477beeeef36e80e04d041a1738801a55e6e862e"
  integrity sha512-JcO7cb8QJLBWE+DfxGUL3xUDOae/8nhM1KVdnudadTAORbuxIC/xAydC5Zr/VLHUDQi1ppuTF5/rjBGzgzrJNA==
  dependencies:
    "@vue/devtools-api" "^6.0.0"

vue-tsc@^0.34.7:
  version "0.34.17"
  resolved "https://registry.yarnpkg.com/vue-tsc/-/vue-tsc-0.34.17.tgz#332fc5c31d64bb9b74b0f26050f3ab067a9a7d6f"
  integrity sha512-jzUXky44ZLHC4daaJag7FQr3idlPYN719/K1eObGljz5KaS2UnVGTU/XSYCd7d6ampYYg4OsyalbHyJIxV0aEQ==
  dependencies:
    "@volar/vue-typescript" "0.34.17"

vue@^3.2.25:
  version "3.2.37"
  resolved "https://registry.yarnpkg.com/vue/-/vue-3.2.37.tgz#da220ccb618d78579d25b06c7c21498ca4e5452e"
  integrity sha512-bOKEZxrm8Eh+fveCqS1/NkG/n6aMidsI6hahas7pa0w/l7jkbssJVsRhVDs07IdDq7h9KHswZOgItnwJAgtVtQ==
  dependencies:
    "@vue/compiler-dom" "3.2.37"
    "@vue/compiler-sfc" "3.2.37"
    "@vue/runtime-dom" "3.2.37"
    "@vue/server-renderer" "3.2.37"
    "@vue/shared" "3.2.37"
